PODS:
  - Tor (408.11.2):
    - Tor/CTor (= 408.11.2)
  - Tor/Core (408.11.2)
  - Tor/CTor (408.11.2):
    - Tor/Core

DEPENDENCIES:
  - Tor (~> 408.11.2)

SPEC REPOS:
  trunk:
    - Tor

SPEC CHECKSUMS:
  Tor: c699393e1f48264cd293fa314bfbcdca5086574c

PODFILE CHECKSUM: 808e32cef78f3e0711ca24e6b499ebcbbe875000

COCOAPODS: 1.15.2
