PODS:
  - Tor (408.10.1):
    - Tor/CTor (= 408.10.1)
  - Tor/Core (408.10.1)
  - Tor/CTor (408.10.1):
    - Tor/Core

DEPENDENCIES:
  - Tor

SPEC REPOS:
  trunk:
    - Tor

SPEC CHECKSUMS:
  Tor: 4aa4aee031f892efa43d1afb01c90565990c6312

PODFILE CHECKSUM: 841cd203a3ac111797d77ed48c298e2ad18b5398

COCOAPODS: 1.14.3
