// !$*UTF8*$!
{
	archiveVersion = 1;
	classes = {
	};
	objectVersion = 52;
	objects = {

/* Begin PBXBuildFile section */
		D00B9A282111427200E8B95A /* AppDelegate.swift in Sources */ = {isa = PBXBuildFile; fileRef = D00B9A272111427200E8B95A /* AppDelegate.swift */; };
		D00B9A2D2111427200E8B95A /* Main.storyboard in Resources */ = {isa = PBXBuildFile; fileRef = D00B9A2B2111427200E8B95A /* Main.storyboard */; };
		D00B9A302111427200E8B95A /* BitSense.xcdatamodeld in Sources */ = {isa = PBXBuildFile; fileRef = D00B9A2E2111427200E8B95A /* BitSense.xcdatamodeld */; };
		D00B9A322111427200E8B95A /* Assets.xcassets in Resources */ = {isa = PBXBuildFile; fileRef = D00B9A312111427200E8B95A /* Assets.xcassets */; };
		D00B9A352111427200E8B95A /* LaunchScreen.storyboard in Resources */ = {isa = PBXBuildFile; fileRef = D00B9A332111427200E8B95A /* LaunchScreen.storyboard */; };
		D00BD9CB2365664600222A37 /* BitSenseTests.swift in Sources */ = {isa = PBXBuildFile; fileRef = D00BD9CA2365664600222A37 /* BitSenseTests.swift */; };
		D0126FF022443D1100412629 /* whitePlus.png in Resources */ = {isa = PBXBuildFile; fileRef = D0126FEF22443D1100412629 /* whitePlus.png */; };
		D0126FF622446E3800412629 /* InvoiceViewController.swift in Sources */ = {isa = PBXBuildFile; fileRef = D0126FF522446E3800412629 /* InvoiceViewController.swift */; };
		D0126FF82244842000412629 /* bWhite.png in Resources */ = {isa = PBXBuildFile; fileRef = D0126FF72244842000412629 /* bWhite.png */; };
		D0196DD721B5AB300081E0AB /* KeyPadButtonView.xib in Resources */ = {isa = PBXBuildFile; fileRef = D0196DD621B5AB300081E0AB /* KeyPadButtonView.xib */; };
		D0196DDB21B5AC5F0081E0AB /* KeyPad.swift in Sources */ = {isa = PBXBuildFile; fileRef = D0196DDA21B5AC5F0081E0AB /* KeyPad.swift */; };
		D02094EE2256B06B002E8E7A /* Transition.swift in Sources */ = {isa = PBXBuildFile; fileRef = D02094ED2256B06B002E8E7A /* Transition.swift */; };
		D02094F02257FB78002E8E7A /* FirstTime.swift in Sources */ = {isa = PBXBuildFile; fileRef = D02094EF2257FB78002E8E7A /* FirstTime.swift */; };
		D02094F3225936D2002E8E7A /* ConnectingView.swift in Sources */ = {isa = PBXBuildFile; fileRef = D02094F2225936D2002E8E7A /* ConnectingView.swift */; };
		D02152DC23666CB400AD9007 /* QuickConnect.swift in Sources */ = {isa = PBXBuildFile; fileRef = D02152DB23666CB400AD9007 /* QuickConnect.swift */; };
		D0233F222361E68F0041FFBA /* KeyGen.swift in Sources */ = {isa = PBXBuildFile; fileRef = D0233F212361E68F0041FFBA /* KeyGen.swift */; };
		D0233F242361EA090041FFBA /* Base32.swift in Sources */ = {isa = PBXBuildFile; fileRef = D0233F232361EA090041FFBA /* Base32.swift */; };
		D0233F262361EA380041FFBA /* StringExtension.swift in Sources */ = {isa = PBXBuildFile; fileRef = D0233F252361EA380041FFBA /* StringExtension.swift */; };
		D0233F282361EA5F0041FFBA /* shim.swift in Sources */ = {isa = PBXBuildFile; fileRef = D0233F272361EA5F0041FFBA /* shim.swift */; };
		D0233F2B236284200041FFBA /* ShowV3PubKeyViewController.swift in Sources */ = {isa = PBXBuildFile; fileRef = D0233F2A236284200041FFBA /* ShowV3PubKeyViewController.swift */; };
		D02958D3234F82E000ED8F72 /* IdentityViewController.swift in Sources */ = {isa = PBXBuildFile; fileRef = D02958D2234F82E000ED8F72 /* IdentityViewController.swift */; };
		D02958D5235053B300ED8F72 /* SecurityCenterViewController.swift in Sources */ = {isa = PBXBuildFile; fileRef = D02958D4235053B300ED8F72 /* SecurityCenterViewController.swift */; };
		D02C940B240DF0F000EE2177 /* CryptoSwift.framework in Frameworks */ = {isa = PBXBuildFile; fileRef = D0855FBC22AE1B3000DBBFC2 /* CryptoSwift.framework */; platformFilter = ios; };
		D02C940E240DF0F300EE2177 /* KeychainSwift.framework in Frameworks */ = {isa = PBXBuildFile; fileRef = D0855FBA22AE1B2B00DBBFC2 /* KeychainSwift.framework */; platformFilter = ios; };
		D02C9410240DF0F500EE2177 /* Tor.framework in Frameworks */ = {isa = PBXBuildFile; fileRef = D0855FB822ACB7D100DBBFC2 /* Tor.framework */; platformFilter = ios; };
		D02FE43323136A600048F8C4 /* NodeLogic.swift in Sources */ = {isa = PBXBuildFile; fileRef = D02FE43223136A600048F8C4 /* NodeLogic.swift */; };
		D02FE4362313882F0048F8C4 /* HomeTableStruct.swift in Sources */ = {isa = PBXBuildFile; fileRef = D02FE4352313882F0048F8C4 /* HomeTableStruct.swift */; };
		D033D1CF22B5D1FA00523BEE /* ProcessPSBTViewController.swift in Sources */ = {isa = PBXBuildFile; fileRef = D033D1CE22B5D1FA00523BEE /* ProcessPSBTViewController.swift */; };
		D0358D9521B1B44B007D56ED /* whiteCheck.png in Resources */ = {isa = PBXBuildFile; fileRef = D0358D9421B1B44A007D56ED /* whiteCheck.png */; };
		D037C868231B85A0006C357D /* ExtendedKeysParentViewController.swift in Sources */ = {isa = PBXBuildFile; fileRef = D037C867231B85A0006C357D /* ExtendedKeysParentViewController.swift */; };
		D037C86A231BAF8B006C357D /* ChooseRangeViewController.swift in Sources */ = {isa = PBXBuildFile; fileRef = D037C869231BAF8B006C357D /* ChooseRangeViewController.swift */; };
		D037C86C231BAFB4006C357D /* AddToKeypoolViewController.swift in Sources */ = {isa = PBXBuildFile; fileRef = D037C86B231BAFB4006C357D /* AddToKeypoolViewController.swift */; };
		D037C86E231BAFD2006C357D /* AddAsChangeViewController.swift in Sources */ = {isa = PBXBuildFile; fileRef = D037C86D231BAFD2006C357D /* AddAsChangeViewController.swift */; };
		D037C870231BAFF1006C357D /* RescanViewController.swift in Sources */ = {isa = PBXBuildFile; fileRef = D037C86F231BAFF1006C357D /* RescanViewController.swift */; };
		D037C872231BB020006C357D /* AddFingerprintViewController.swift in Sources */ = {isa = PBXBuildFile; fileRef = D037C871231BB020006C357D /* AddFingerprintViewController.swift */; };
		D037C874231BB04B006C357D /* ScanExtendedKeyViewController.swift in Sources */ = {isa = PBXBuildFile; fileRef = D037C873231BB04B006C357D /* ScanExtendedKeyViewController.swift */; };
		D037C876231CAFD9006C357D /* AddLabelViewController.swift in Sources */ = {isa = PBXBuildFile; fileRef = D037C875231CAFD9006C357D /* AddLabelViewController.swift */; };
		D0384E2F246AC4B1002FEE94 /* XpubConverter.swift in Sources */ = {isa = PBXBuildFile; fileRef = D0384E2E246AC4B1002FEE94 /* XpubConverter.swift */; };
		D0384E31246AC4D8002FEE94 /* Base58.swift in Sources */ = {isa = PBXBuildFile; fileRef = D0384E30246AC4D8002FEE94 /* Base58.swift */; };
		D0384E34246AC53B002FEE94 /* base58.c in Sources */ = {isa = PBXBuildFile; fileRef = D0384E33246AC53B002FEE94 /* base58.c */; };
		D039D3C823322F1300D1ED18 /* NodeStruct.swift in Sources */ = {isa = PBXBuildFile; fileRef = D039D3C723322F1300D1ED18 /* NodeStruct.swift */; };
		D039D3CA2332440D00D1ED18 /* HDMusigStruct.swift in Sources */ = {isa = PBXBuildFile; fileRef = D039D3C92332440D00D1ED18 /* HDMusigStruct.swift */; };
		D0410617224ED189004AC0D0 /* ObjectiveCHeader.m in Sources */ = {isa = PBXBuildFile; fileRef = D0410616224ED189004AC0D0 /* ObjectiveCHeader.m */; };
		D044ED78235AF42D00300D62 /* ImportStruct.swift in Sources */ = {isa = PBXBuildFile; fileRef = D044ED77235AF42D00300D62 /* ImportStruct.swift */; };
		D0452AD42246C7830013E225 /* clear.png in Resources */ = {isa = PBXBuildFile; fileRef = D0452AD32246C7820013E225 /* clear.png */; };
		D0452AD62246E0370013E225 /* whiteBroom.png in Resources */ = {isa = PBXBuildFile; fileRef = D0452AD52246E0370013E225 /* whiteBroom.png */; };
		D0452ADB2247417F0013E225 /* ImportPrivKeyViewController.swift in Sources */ = {isa = PBXBuildFile; fileRef = D0452ADA2247417F0013E225 /* ImportPrivKeyViewController.swift */; };
		D0452ADD224743C50013E225 /* LogInViewController.swift in Sources */ = {isa = PBXBuildFile; fileRef = D0452ADC224743C50013E225 /* LogInViewController.swift */; };
		D05266132271D6D100E2394B /* RawDisplayer.swift in Sources */ = {isa = PBXBuildFile; fileRef = D05266122271D6D100E2394B /* RawDisplayer.swift */; };
		D0560EE92277F75900C3E909 /* UTXOViewController.swift in Sources */ = {isa = PBXBuildFile; fileRef = D0560EE82277F75900C3E909 /* UTXOViewController.swift */; };
		D0560EEF22784E9D00C3E909 /* UnsignedViewController.swift in Sources */ = {isa = PBXBuildFile; fileRef = D0560EEE22784E9D00C3E909 /* UnsignedViewController.swift */; };
		D05692E321434452006DF0F4 /* MainMenuViewController.swift in Sources */ = {isa = PBXBuildFile; fileRef = D05692E221434452006DF0F4 /* MainMenuViewController.swift */; };
		D05692E92144AC13006DF0F4 /* back.png in Resources */ = {isa = PBXBuildFile; fileRef = D05692E82144AC13006DF0F4 /* back.png */; };
		D058F3C2226D9DED00CF4BE9 /* OutgoingsTableViewController.swift in Sources */ = {isa = PBXBuildFile; fileRef = D058F3C1226D9DED00CF4BE9 /* OutgoingsTableViewController.swift */; };
		D05D972C2264104D0035F1DE /* QRScanner.swift in Sources */ = {isa = PBXBuildFile; fileRef = D05D972B2264104D0035F1DE /* QRScanner.swift */; };
		D05D9730226425730035F1DE /* images.png in Resources */ = {isa = PBXBuildFile; fileRef = D05D972F226425730035F1DE /* images.png */; };
		D05D9732226433B60035F1DE /* strobe.png in Resources */ = {isa = PBXBuildFile; fileRef = D05D9731226433B60035F1DE /* strobe.png */; };
		D05D973422647CE60035F1DE /* QRGenerator.swift in Sources */ = {isa = PBXBuildFile; fileRef = D05D973322647CE60035F1DE /* QRGenerator.swift */; };
		D071A2A0214880F700C4BCB3 /* Search - tripkey.png in Resources */ = {isa = PBXBuildFile; fileRef = D071A29F214880F700C4BCB3 /* Search - tripkey.png */; };
		D07399D9245EEA5F00860B7E /* Broadcaster.swift in Sources */ = {isa = PBXBuildFile; fileRef = D07399D8245EEA5F00860B7E /* Broadcaster.swift */; };
		D073E16E22558CDE0012A28C /* CoreDataService.swift in Sources */ = {isa = PBXBuildFile; fileRef = D073E16D22558CDE0012A28C /* CoreDataService.swift */; };
		D073E17022558DF30012A28C /* AESService.swift in Sources */ = {isa = PBXBuildFile; fileRef = D073E16F22558DF30012A28C /* AESService.swift */; };
		D07A8237235D4FEE00F7E095 /* ImportMultiSigViewController.swift in Sources */ = {isa = PBXBuildFile; fileRef = D07A8236235D4FEE00F7E095 /* ImportMultiSigViewController.swift */; };
		D07A823B235D501A00F7E095 /* MuSigDisplayerTableViewController.swift in Sources */ = {isa = PBXBuildFile; fileRef = D07A823A235D501A00F7E095 /* MuSigDisplayerTableViewController.swift */; };
		D07AED032435B62800C2FADB /* Commands.swift in Sources */ = {isa = PBXBuildFile; fileRef = D0CB48902435B32E0072D1F5 /* Commands.swift */; };
		D07AED042435B62B00C2FADB /* Entities.swift in Sources */ = {isa = PBXBuildFile; fileRef = D0CB488F2435B32E0072D1F5 /* Entities.swift */; };
		D07E0DE622F9168F00A81FA8 /* WalletManagerViewController.swift in Sources */ = {isa = PBXBuildFile; fileRef = D07E0DE522F9168F00A81FA8 /* WalletManagerViewController.swift */; };
		D07E0DE822F9570A00A81FA8 /* WalletCreatorViewController.swift in Sources */ = {isa = PBXBuildFile; fileRef = D07E0DE722F9570A00A81FA8 /* WalletCreatorViewController.swift */; };
		D07EC09022DBFB5400F9160D /* JoinPSBTViewController.swift in Sources */ = {isa = PBXBuildFile; fileRef = D07EC08F22DBFB5400F9160D /* JoinPSBTViewController.swift */; };
		D0806B4522EE9FBA002C20A1 /* TXChain.swift in Sources */ = {isa = PBXBuildFile; fileRef = D0806B4422EE9FBA002C20A1 /* TXChain.swift */; };
		D084960422EBCD3B003FE8EB /* GetInfoViewController.swift in Sources */ = {isa = PBXBuildFile; fileRef = D084960322EBCD3B003FE8EB /* GetInfoViewController.swift */; };
		D084960622EC0A94003FE8EB /* LICENSE.md in Resources */ = {isa = PBXBuildFile; fileRef = D084960522EC0A94003FE8EB /* LICENSE.md */; };
		D0855FC622B08EE000DBBFC2 /* TorClient.swift in Sources */ = {isa = PBXBuildFile; fileRef = D0855FC522B08EE000DBBFC2 /* TorClient.swift */; };
		D0855FC822B0C71900DBBFC2 /* CreatePSBTViewController.swift in Sources */ = {isa = PBXBuildFile; fileRef = D0855FC722B0C71900DBBFC2 /* CreatePSBTViewController.swift */; };
		D0855FCA22B0CEA800DBBFC2 /* CreatePSBT.swift in Sources */ = {isa = PBXBuildFile; fileRef = D0855FC922B0CEA800DBBFC2 /* CreatePSBT.swift */; };
		D08A92A62334F66900409D6E /* Reducer.swift in Sources */ = {isa = PBXBuildFile; fileRef = D08A92A52334F66900409D6E /* Reducer.swift */; };
		D08A92A92337755600409D6E /* AddDescriptors.swift in Sources */ = {isa = PBXBuildFile; fileRef = D08A92A82337755600409D6E /* AddDescriptors.swift */; };
		D08A92AB23377D1000409D6E /* DescriptorsViewController.swift in Sources */ = {isa = PBXBuildFile; fileRef = D08A92AA23377D1000409D6E /* DescriptorsViewController.swift */; };
		D08A92AD2337A63000409D6E /* DescriptorStruct.swift in Sources */ = {isa = PBXBuildFile; fileRef = D08A92AC2337A63000409D6E /* DescriptorStruct.swift */; };
		D08A92AF2337AA6200409D6E /* DescriptorDisplayerViewController.swift in Sources */ = {isa = PBXBuildFile; fileRef = D08A92AE2337AA6200409D6E /* DescriptorDisplayerViewController.swift */; };
		D08A92B1233B213300409D6E /* ChooseWalletViewController.swift in Sources */ = {isa = PBXBuildFile; fileRef = D08A92B0233B213300409D6E /* ChooseWalletViewController.swift */; };
		D08A92B3233B527F00409D6E /* KillSwitch.swift in Sources */ = {isa = PBXBuildFile; fileRef = D08A92B2233B527F00409D6E /* KillSwitch.swift */; };
		D08A92B5233C979600409D6E /* FiatConverter.swift in Sources */ = {isa = PBXBuildFile; fileRef = D08A92B4233C979600409D6E /* FiatConverter.swift */; };
		D08A92B7233E113B00409D6E /* LockedViewController.swift in Sources */ = {isa = PBXBuildFile; fileRef = D08A92B6233E113B00409D6E /* LockedViewController.swift */; };
		D08A92B923403DB200409D6E /* NodesViewController.swift in Sources */ = {isa = PBXBuildFile; fileRef = D08A92B823403DB200409D6E /* NodesViewController.swift */; };
		D08CED0F22E5089D007E2A8E /* ImportExtendedKeysViewController.swift in Sources */ = {isa = PBXBuildFile; fileRef = D08CED0E22E5089D007E2A8E /* ImportExtendedKeysViewController.swift */; };
		D08CED1122E54B11007E2A8E /* TransactionViewController.swift in Sources */ = {isa = PBXBuildFile; fileRef = D08CED1022E54B11007E2A8E /* TransactionViewController.swift */; };
		D08CED1522E7F118007E2A8E /* ItunesArtwork@2x.png in Resources */ = {isa = PBXBuildFile; fileRef = D08CED1422E7F118007E2A8E /* ItunesArtwork@2x.png */; };
		D0A2918F225114670099A2F3 /* MakeRPCCall.swift in Sources */ = {isa = PBXBuildFile; fileRef = D0A2918E225114670099A2F3 /* MakeRPCCall.swift */; };
		D0A291912251743B0099A2F3 /* settings90.png in Resources */ = {isa = PBXBuildFile; fileRef = D0A291902251743B0099A2F3 /* settings90.png */; };
		D0A519B7226B3DD400860D5C /* RawTransaction.swift in Sources */ = {isa = PBXBuildFile; fileRef = D0A519B6226B3DD400860D5C /* RawTransaction.swift */; };
		D0A519B9226C212C00860D5C /* SendUTXO.swift in Sources */ = {isa = PBXBuildFile; fileRef = D0A519B8226C212C00860D5C /* SendUTXO.swift */; };
		D0A519BB226C5B9E00860D5C /* GetSmartFee.swift in Sources */ = {isa = PBXBuildFile; fileRef = D0A519BA226C5B9E00860D5C /* GetSmartFee.swift */; };
		D0A7CF73227967F900B683A0 /* AddressParser.swift in Sources */ = {isa = PBXBuildFile; fileRef = D0A7CF72227967F900B683A0 /* AddressParser.swift */; };
		D0AD9B6823E7ECC20032C607 /* SceneDelegate.swift in Sources */ = {isa = PBXBuildFile; fileRef = D0AD9B6723E7ECC20032C607 /* SceneDelegate.swift */; };
		D0B3149F216C4DB1008FDC53 /* CreateRawTxViewController.swift in Sources */ = {isa = PBXBuildFile; fileRef = D0B3149E216C4DB1008FDC53 /* CreateRawTxViewController.swift */; };
		D0B6936E22B2412D00A2C3E6 /* ChooseConnectionTypeViewController.swift in Sources */ = {isa = PBXBuildFile; fileRef = D0B6936D22B2412D00A2C3E6 /* ChooseConnectionTypeViewController.swift */; };
		D0B6937222B32D6300A2C3E6 /* TorCredentialViewController.swift in Sources */ = {isa = PBXBuildFile; fileRef = D0B6937122B32D6300A2C3E6 /* TorCredentialViewController.swift */; };
		D0D71DA32351F835005CCDB9 /* UtilitieMenuViewController.swift in Sources */ = {isa = PBXBuildFile; fileRef = D0D71DA22351F835005CCDB9 /* UtilitieMenuViewController.swift */; };
		D0DA954F2340A9C2001B7EB3 /* IncomingsMenuViewController.swift in Sources */ = {isa = PBXBuildFile; fileRef = D0DA954E2340A9C2001B7EB3 /* IncomingsMenuViewController.swift */; };
		D0DE292B22BCFE9900D9EBCF /* Readme.md in Resources */ = {isa = PBXBuildFile; fileRef = D0DE292A22BCFE9900D9EBCF /* Readme.md */; };
		D0DE292D22BCFEEA00D9EBCF /* addNode.PNG in Resources */ = {isa = PBXBuildFile; fileRef = D0DE292C22BCFEEA00D9EBCF /* addNode.PNG */; };
		D0DE292F22BCFF0400D9EBCF /* switcher.PNG in Resources */ = {isa = PBXBuildFile; fileRef = D0DE292E22BCFF0400D9EBCF /* switcher.PNG */; };
		D0DE293322BCFFAB00D9EBCF /* screenShot.png in Resources */ = {isa = PBXBuildFile; fileRef = D0DE293222BCFFAB00D9EBCF /* screenShot.png */; };
		D0E51E592265640F005D1909 /* ErrorView.swift in Sources */ = {isa = PBXBuildFile; fileRef = D0E51E582265640F005D1909 /* ErrorView.swift */; };
		D0E51E5B226592C9005D1909 /* NodeDetailViewController.swift in Sources */ = {isa = PBXBuildFile; fileRef = D0E51E5A226592C9005D1909 /* NodeDetailViewController.swift */; };
		D0E9B63C211A94C600B416E7 /* Utilities.swift in Sources */ = {isa = PBXBuildFile; fileRef = D0E9B63B211A94C600B416E7 /* Utilities.swift */; };
		D0EC748A227DF06E001489B9 /* CreateUnsigned.swift in Sources */ = {isa = PBXBuildFile; fileRef = D0EC7489227DF06E001489B9 /* CreateUnsigned.swift */; };
		D0EC7490227F6977001489B9 /* SignRawViewController.swift in Sources */ = {isa = PBXBuildFile; fileRef = D0EC748F227F6977001489B9 /* SignRawViewController.swift */; };
		D0ED69BC2325D768001F8FBC /* WalletsViewController.swift in Sources */ = {isa = PBXBuildFile; fileRef = D0ED69BB2325D768001F8FBC /* WalletsViewController.swift */; };
		D0EF29C1216B82B400EB776A /* SettingsViewController.swift in Sources */ = {isa = PBXBuildFile; fileRef = D0EF29C0216B82B400EB776A /* SettingsViewController.swift */; };
		D0FA417C213C7CDA0028E4F8 /* whiteLock.png in Resources */ = {isa = PBXBuildFile; fileRef = D0FA417B213C7CDA0028E4F8 /* whiteLock.png */; };
		D0FA417E213C7CED0028E4F8 /* whiteFingerPrint.png in Resources */ = {isa = PBXBuildFile; fileRef = D0FA417D213C7CED0028E4F8 /* whiteFingerPrint.png */; };
/* End PBXBuildFile section */

/* Begin PBXContainerItemProxy section */
		D00BD9CD2365664600222A37 /* PBXContainerItemProxy */ = {
			isa = PBXContainerItemProxy;
			containerPortal = D00B9A1C2111427200E8B95A /* Project object */;
			proxyType = 1;
			remoteGlobalIDString = D00B9A232111427200E8B95A;
			remoteInfo = BitSense;
		};
/* End PBXContainerItemProxy section */

/* Begin PBXFileReference section */
		A084FD712359E9D500DA63CF /* Cartfile.resolved */ = {isa = PBXFileReference; fileEncoding = 4; lastKnownFileType = text; path = Cartfile.resolved; sourceTree = "<group>"; };
		A084FD732359E9D500DA63CF /* Cartfile */ = {isa = PBXFileReference; fileEncoding = 4; lastKnownFileType = text; path = Cartfile; sourceTree = "<group>"; xcLanguageSpecificationIdentifier = xcode.lang.ruby; };
		A084FD782359F7B700DA63CF /* .gitignore */ = {isa = PBXFileReference; lastKnownFileType = text; path = .gitignore; sourceTree = "<group>"; };
		D00B9A242111427200E8B95A /* BitSense.app */ = {isa = PBXFileReference; explicitFileType = wrapper.application; includeInIndex = 0; path = BitSense.app; sourceTree = BUILT_PRODUCTS_DIR; };
		D00B9A272111427200E8B95A /* AppDelegate.swift */ = {isa = PBXFileReference; lastKnownFileType = sourcecode.swift; path = AppDelegate.swift; sourceTree = "<group>"; };
		D00B9A2C2111427200E8B95A /* Base */ = {isa = PBXFileReference; lastKnownFileType = file.storyboard; name = Base; path = Base.lproj/Main.storyboard; sourceTree = "<group>"; };
		D00B9A2F2111427200E8B95A /* BitSense.xcdatamodel */ = {isa = PBXFileReference; lastKnownFileType = wrapper.xcdatamodel; path = BitSense.xcdatamodel; sourceTree = "<group>"; };
		D00B9A312111427200E8B95A /* Assets.xcassets */ = {isa = PBXFileReference; lastKnownFileType = folder.assetcatalog; path = Assets.xcassets; sourceTree = "<group>"; };
		D00B9A342111427200E8B95A /* Base */ = {isa = PBXFileReference; lastKnownFileType = file.storyboard; name = Base; path = Base.lproj/LaunchScreen.storyboard; sourceTree = "<group>"; };
		D00B9A362111427200E8B95A /* Info.plist */ = {isa = PBXFileReference; lastKnownFileType = text.plist.xml; path = Info.plist; sourceTree = "<group>"; };
		D00BD9C82365664600222A37 /* BitSenseTests.xctest */ = {isa = PBXFileReference; explicitFileType = wrapper.cfbundle; includeInIndex = 0; path = BitSenseTests.xctest; sourceTree = BUILT_PRODUCTS_DIR; };
		D00BD9CA2365664600222A37 /* BitSenseTests.swift */ = {isa = PBXFileReference; lastKnownFileType = sourcecode.swift; path = BitSenseTests.swift; sourceTree = "<group>"; };
		D00BD9CC2365664600222A37 /* Info.plist */ = {isa = PBXFileReference; lastKnownFileType = text.plist.xml; path = Info.plist; sourceTree = "<group>"; };
		D0126FEF22443D1100412629 /* whitePlus.png */ = {isa = PBXFileReference; lastKnownFileType = image.png; path = whitePlus.png; sourceTree = "<group>"; };
		D0126FF522446E3800412629 /* InvoiceViewController.swift */ = {isa = PBXFileReference; lastKnownFileType = sourcecode.swift; path = InvoiceViewController.swift; sourceTree = "<group>"; };
		D0126FF72244842000412629 /* bWhite.png */ = {isa = PBXFileReference; lastKnownFileType = image.png; path = bWhite.png; sourceTree = "<group>"; };
		D0196DD621B5AB300081E0AB /* KeyPadButtonView.xib */ = {isa = PBXFileReference; lastKnownFileType = file.xib; path = KeyPadButtonView.xib; sourceTree = "<group>"; };
		D0196DDA21B5AC5F0081E0AB /* KeyPad.swift */ = {isa = PBXFileReference; lastKnownFileType = sourcecode.swift; path = KeyPad.swift; sourceTree = "<group>"; };
		D02094ED2256B06B002E8E7A /* Transition.swift */ = {isa = PBXFileReference; lastKnownFileType = sourcecode.swift; path = Transition.swift; sourceTree = "<group>"; };
		D02094EF2257FB78002E8E7A /* FirstTime.swift */ = {isa = PBXFileReference; lastKnownFileType = sourcecode.swift; path = FirstTime.swift; sourceTree = "<group>"; };
		D02094F2225936D2002E8E7A /* ConnectingView.swift */ = {isa = PBXFileReference; lastKnownFileType = sourcecode.swift; path = ConnectingView.swift; sourceTree = "<group>"; };
		D02152DB23666CB400AD9007 /* QuickConnect.swift */ = {isa = PBXFileReference; lastKnownFileType = sourcecode.swift; path = QuickConnect.swift; sourceTree = "<group>"; };
		D0233F212361E68F0041FFBA /* KeyGen.swift */ = {isa = PBXFileReference; lastKnownFileType = sourcecode.swift; path = KeyGen.swift; sourceTree = "<group>"; };
		D0233F232361EA090041FFBA /* Base32.swift */ = {isa = PBXFileReference; lastKnownFileType = sourcecode.swift; path = Base32.swift; sourceTree = "<group>"; };
		D0233F252361EA380041FFBA /* StringExtension.swift */ = {isa = PBXFileReference; lastKnownFileType = sourcecode.swift; path = StringExtension.swift; sourceTree = "<group>"; };
		D0233F272361EA5F0041FFBA /* shim.swift */ = {isa = PBXFileReference; lastKnownFileType = sourcecode.swift; path = shim.swift; sourceTree = "<group>"; };
		D0233F2A236284200041FFBA /* ShowV3PubKeyViewController.swift */ = {isa = PBXFileReference; lastKnownFileType = sourcecode.swift; path = ShowV3PubKeyViewController.swift; sourceTree = "<group>"; };
		D02958D2234F82E000ED8F72 /* IdentityViewController.swift */ = {isa = PBXFileReference; lastKnownFileType = sourcecode.swift; path = IdentityViewController.swift; sourceTree = "<group>"; };
		D02958D4235053B300ED8F72 /* SecurityCenterViewController.swift */ = {isa = PBXFileReference; lastKnownFileType = sourcecode.swift; path = SecurityCenterViewController.swift; sourceTree = "<group>"; };
		D02FE43223136A600048F8C4 /* NodeLogic.swift */ = {isa = PBXFileReference; lastKnownFileType = sourcecode.swift; path = NodeLogic.swift; sourceTree = "<group>"; };
		D02FE4352313882F0048F8C4 /* HomeTableStruct.swift */ = {isa = PBXFileReference; lastKnownFileType = sourcecode.swift; path = HomeTableStruct.swift; sourceTree = "<group>"; };
		D033D1CE22B5D1FA00523BEE /* ProcessPSBTViewController.swift */ = {isa = PBXFileReference; lastKnownFileType = sourcecode.swift; path = ProcessPSBTViewController.swift; sourceTree = "<group>"; };
		D0358D9421B1B44A007D56ED /* whiteCheck.png */ = {isa = PBXFileReference; lastKnownFileType = image.png; path = whiteCheck.png; sourceTree = "<group>"; };
		D037C867231B85A0006C357D /* ExtendedKeysParentViewController.swift */ = {isa = PBXFileReference; lastKnownFileType = sourcecode.swift; path = ExtendedKeysParentViewController.swift; sourceTree = "<group>"; };
		D037C869231BAF8B006C357D /* ChooseRangeViewController.swift */ = {isa = PBXFileReference; lastKnownFileType = sourcecode.swift; path = ChooseRangeViewController.swift; sourceTree = "<group>"; };
		D037C86B231BAFB4006C357D /* AddToKeypoolViewController.swift */ = {isa = PBXFileReference; lastKnownFileType = sourcecode.swift; path = AddToKeypoolViewController.swift; sourceTree = "<group>"; };
		D037C86D231BAFD2006C357D /* AddAsChangeViewController.swift */ = {isa = PBXFileReference; lastKnownFileType = sourcecode.swift; path = AddAsChangeViewController.swift; sourceTree = "<group>"; };
		D037C86F231BAFF1006C357D /* RescanViewController.swift */ = {isa = PBXFileReference; lastKnownFileType = sourcecode.swift; path = RescanViewController.swift; sourceTree = "<group>"; };
		D037C871231BB020006C357D /* AddFingerprintViewController.swift */ = {isa = PBXFileReference; lastKnownFileType = sourcecode.swift; path = AddFingerprintViewController.swift; sourceTree = "<group>"; };
		D037C873231BB04B006C357D /* ScanExtendedKeyViewController.swift */ = {isa = PBXFileReference; lastKnownFileType = sourcecode.swift; path = ScanExtendedKeyViewController.swift; sourceTree = "<group>"; };
		D037C875231CAFD9006C357D /* AddLabelViewController.swift */ = {isa = PBXFileReference; lastKnownFileType = sourcecode.swift; path = AddLabelViewController.swift; sourceTree = "<group>"; };
		D0384E2E246AC4B1002FEE94 /* XpubConverter.swift */ = {isa = PBXFileReference; lastKnownFileType = sourcecode.swift; path = XpubConverter.swift; sourceTree = "<group>"; };
		D0384E30246AC4D8002FEE94 /* Base58.swift */ = {isa = PBXFileReference; lastKnownFileType = sourcecode.swift; path = Base58.swift; sourceTree = "<group>"; };
		D0384E33246AC53B002FEE94 /* base58.c */ = {isa = PBXFileReference; lastKnownFileType = sourcecode.c.c; path = base58.c; sourceTree = "<group>"; };
		D0384E37246AC66A002FEE94 /* base58.h */ = {isa = PBXFileReference; lastKnownFileType = sourcecode.c.h; path = base58.h; sourceTree = "<group>"; };
		D039D3C723322F1300D1ED18 /* NodeStruct.swift */ = {isa = PBXFileReference; lastKnownFileType = sourcecode.swift; path = NodeStruct.swift; sourceTree = "<group>"; };
		D039D3C92332440D00D1ED18 /* HDMusigStruct.swift */ = {isa = PBXFileReference; lastKnownFileType = sourcecode.swift; path = HDMusigStruct.swift; sourceTree = "<group>"; };
		D0410615224ED188004AC0D0 /* BitSense-Bridging-Header.h */ = {isa = PBXFileReference; fileEncoding = 4; lastKnownFileType = sourcecode.c.h; path = "BitSense-Bridging-Header.h"; sourceTree = "<group>"; };
		D0410616224ED189004AC0D0 /* ObjectiveCHeader.m */ = {isa = PBXFileReference; fileEncoding = 4; lastKnownFileType = sourcecode.c.objc; path = ObjectiveCHeader.m; sourceTree = "<group>"; };
		D044ED77235AF42D00300D62 /* ImportStruct.swift */ = {isa = PBXFileReference; lastKnownFileType = sourcecode.swift; path = ImportStruct.swift; sourceTree = "<group>"; };
		D0452AD32246C7820013E225 /* clear.png */ = {isa = PBXFileReference; lastKnownFileType = image.png; path = clear.png; sourceTree = "<group>"; };
		D0452AD52246E0370013E225 /* whiteBroom.png */ = {isa = PBXFileReference; lastKnownFileType = image.png; path = whiteBroom.png; sourceTree = "<group>"; };
		D0452ADA2247417F0013E225 /* ImportPrivKeyViewController.swift */ = {isa = PBXFileReference; lastKnownFileType = sourcecode.swift; path = ImportPrivKeyViewController.swift; sourceTree = "<group>"; };
		D0452ADC224743C50013E225 /* LogInViewController.swift */ = {isa = PBXFileReference; fileEncoding = 4; lastKnownFileType = sourcecode.swift; path = LogInViewController.swift; sourceTree = "<group>"; };
		D05266122271D6D100E2394B /* RawDisplayer.swift */ = {isa = PBXFileReference; lastKnownFileType = sourcecode.swift; path = RawDisplayer.swift; sourceTree = "<group>"; };
		D0560EE82277F75900C3E909 /* UTXOViewController.swift */ = {isa = PBXFileReference; lastKnownFileType = sourcecode.swift; path = UTXOViewController.swift; sourceTree = "<group>"; };
		D0560EEE22784E9D00C3E909 /* UnsignedViewController.swift */ = {isa = PBXFileReference; lastKnownFileType = sourcecode.swift; path = UnsignedViewController.swift; sourceTree = "<group>"; };
		D05692E221434452006DF0F4 /* MainMenuViewController.swift */ = {isa = PBXFileReference; lastKnownFileType = sourcecode.swift; path = MainMenuViewController.swift; sourceTree = "<group>"; };
		D05692E82144AC13006DF0F4 /* back.png */ = {isa = PBXFileReference; lastKnownFileType = image.png; path = back.png; sourceTree = "<group>"; };
		D058F3C1226D9DED00CF4BE9 /* OutgoingsTableViewController.swift */ = {isa = PBXFileReference; lastKnownFileType = sourcecode.swift; path = OutgoingsTableViewController.swift; sourceTree = "<group>"; };
		D05D972B2264104D0035F1DE /* QRScanner.swift */ = {isa = PBXFileReference; lastKnownFileType = sourcecode.swift; path = QRScanner.swift; sourceTree = "<group>"; };
		D05D972F226425730035F1DE /* images.png */ = {isa = PBXFileReference; lastKnownFileType = image.png; path = images.png; sourceTree = "<group>"; };
		D05D9731226433B60035F1DE /* strobe.png */ = {isa = PBXFileReference; lastKnownFileType = image.png; path = strobe.png; sourceTree = "<group>"; };
		D05D973322647CE60035F1DE /* QRGenerator.swift */ = {isa = PBXFileReference; lastKnownFileType = sourcecode.swift; path = QRGenerator.swift; sourceTree = "<group>"; };
		D071A29F214880F700C4BCB3 /* Search - tripkey.png */ = {isa = PBXFileReference; lastKnownFileType = image.png; path = "Search - tripkey.png"; sourceTree = "<group>"; };
		D07399D8245EEA5F00860B7E /* Broadcaster.swift */ = {isa = PBXFileReference; lastKnownFileType = sourcecode.swift; path = Broadcaster.swift; sourceTree = "<group>"; };
		D073E16D22558CDE0012A28C /* CoreDataService.swift */ = {isa = PBXFileReference; lastKnownFileType = sourcecode.swift; path = CoreDataService.swift; sourceTree = "<group>"; };
		D073E16F22558DF30012A28C /* AESService.swift */ = {isa = PBXFileReference; lastKnownFileType = sourcecode.swift; path = AESService.swift; sourceTree = "<group>"; };
		D07A8236235D4FEE00F7E095 /* ImportMultiSigViewController.swift */ = {isa = PBXFileReference; fileEncoding = 4; lastKnownFileType = sourcecode.swift; path = ImportMultiSigViewController.swift; sourceTree = "<group>"; };
		D07A823A235D501A00F7E095 /* MuSigDisplayerTableViewController.swift */ = {isa = PBXFileReference; fileEncoding = 4; lastKnownFileType = sourcecode.swift; path = MuSigDisplayerTableViewController.swift; sourceTree = "<group>"; };
		D07E0DE522F9168F00A81FA8 /* WalletManagerViewController.swift */ = {isa = PBXFileReference; lastKnownFileType = sourcecode.swift; path = WalletManagerViewController.swift; sourceTree = "<group>"; };
		D07E0DE722F9570A00A81FA8 /* WalletCreatorViewController.swift */ = {isa = PBXFileReference; lastKnownFileType = sourcecode.swift; path = WalletCreatorViewController.swift; sourceTree = "<group>"; };
		D07EC08F22DBFB5400F9160D /* JoinPSBTViewController.swift */ = {isa = PBXFileReference; lastKnownFileType = sourcecode.swift; path = JoinPSBTViewController.swift; sourceTree = "<group>"; };
		D0806B4422EE9FBA002C20A1 /* TXChain.swift */ = {isa = PBXFileReference; lastKnownFileType = sourcecode.swift; path = TXChain.swift; sourceTree = "<group>"; };
		D084960322EBCD3B003FE8EB /* GetInfoViewController.swift */ = {isa = PBXFileReference; lastKnownFileType = sourcecode.swift; path = GetInfoViewController.swift; sourceTree = "<group>"; };
		D084960522EC0A94003FE8EB /* LICENSE.md */ = {isa = PBXFileReference; lastKnownFileType = net.daringfireball.markdown; path = LICENSE.md; sourceTree = "<group>"; };
		D0855FB822ACB7D100DBBFC2 /* Tor.framework */ = {isa = PBXFileReference; lastKnownFileType = wrapper.framework; name = Tor.framework; path = Carthage/Build/iOS/Tor.framework; sourceTree = "<group>"; };
		D0855FBA22AE1B2B00DBBFC2 /* KeychainSwift.framework */ = {isa = PBXFileReference; lastKnownFileType = wrapper.framework; name = KeychainSwift.framework; path = Carthage/Build/iOS/KeychainSwift.framework; sourceTree = "<group>"; };
		D0855FBC22AE1B3000DBBFC2 /* CryptoSwift.framework */ = {isa = PBXFileReference; lastKnownFileType = wrapper.framework; name = CryptoSwift.framework; path = Carthage/Build/iOS/CryptoSwift.framework; sourceTree = "<group>"; };
		D0855FC522B08EE000DBBFC2 /* TorClient.swift */ = {isa = PBXFileReference; lastKnownFileType = sourcecode.swift; name = TorClient.swift; path = "../New Group/TorClient.swift"; sourceTree = "<group>"; };
		D0855FC722B0C71900DBBFC2 /* CreatePSBTViewController.swift */ = {isa = PBXFileReference; lastKnownFileType = sourcecode.swift; path = CreatePSBTViewController.swift; sourceTree = "<group>"; };
		D0855FC922B0CEA800DBBFC2 /* CreatePSBT.swift */ = {isa = PBXFileReference; lastKnownFileType = sourcecode.swift; path = CreatePSBT.swift; sourceTree = "<group>"; };
		D08A92A52334F66900409D6E /* Reducer.swift */ = {isa = PBXFileReference; lastKnownFileType = sourcecode.swift; path = Reducer.swift; sourceTree = "<group>"; };
		D08A92A82337755600409D6E /* AddDescriptors.swift */ = {isa = PBXFileReference; lastKnownFileType = sourcecode.swift; path = AddDescriptors.swift; sourceTree = "<group>"; };
		D08A92AA23377D1000409D6E /* DescriptorsViewController.swift */ = {isa = PBXFileReference; lastKnownFileType = sourcecode.swift; path = DescriptorsViewController.swift; sourceTree = "<group>"; };
		D08A92AC2337A63000409D6E /* DescriptorStruct.swift */ = {isa = PBXFileReference; lastKnownFileType = sourcecode.swift; path = DescriptorStruct.swift; sourceTree = "<group>"; };
		D08A92AE2337AA6200409D6E /* DescriptorDisplayerViewController.swift */ = {isa = PBXFileReference; lastKnownFileType = sourcecode.swift; path = DescriptorDisplayerViewController.swift; sourceTree = "<group>"; };
		D08A92B0233B213300409D6E /* ChooseWalletViewController.swift */ = {isa = PBXFileReference; lastKnownFileType = sourcecode.swift; path = ChooseWalletViewController.swift; sourceTree = "<group>"; };
		D08A92B2233B527F00409D6E /* KillSwitch.swift */ = {isa = PBXFileReference; lastKnownFileType = sourcecode.swift; path = KillSwitch.swift; sourceTree = "<group>"; };
		D08A92B4233C979600409D6E /* FiatConverter.swift */ = {isa = PBXFileReference; lastKnownFileType = sourcecode.swift; path = FiatConverter.swift; sourceTree = "<group>"; };
		D08A92B6233E113B00409D6E /* LockedViewController.swift */ = {isa = PBXFileReference; lastKnownFileType = sourcecode.swift; path = LockedViewController.swift; sourceTree = "<group>"; };
		D08A92B823403DB200409D6E /* NodesViewController.swift */ = {isa = PBXFileReference; lastKnownFileType = sourcecode.swift; path = NodesViewController.swift; sourceTree = "<group>"; };
		D08CED0E22E5089D007E2A8E /* ImportExtendedKeysViewController.swift */ = {isa = PBXFileReference; lastKnownFileType = sourcecode.swift; path = ImportExtendedKeysViewController.swift; sourceTree = "<group>"; };
		D08CED1022E54B11007E2A8E /* TransactionViewController.swift */ = {isa = PBXFileReference; lastKnownFileType = sourcecode.swift; path = TransactionViewController.swift; sourceTree = "<group>"; };
		D08CED1422E7F118007E2A8E /* ItunesArtwork@2x.png */ = {isa = PBXFileReference; lastKnownFileType = image.png; name = "ItunesArtwork@2x.png"; path = "BitSense/Assets.xcassets/AppIcon.appiconset/ItunesArtwork@2x.png"; sourceTree = SOURCE_ROOT; };
		D0A2918E225114670099A2F3 /* MakeRPCCall.swift */ = {isa = PBXFileReference; lastKnownFileType = sourcecode.swift; path = MakeRPCCall.swift; sourceTree = "<group>"; };
		D0A291902251743B0099A2F3 /* settings90.png */ = {isa = PBXFileReference; lastKnownFileType = image.png; path = settings90.png; sourceTree = "<group>"; };
		D0A519B6226B3DD400860D5C /* RawTransaction.swift */ = {isa = PBXFileReference; lastKnownFileType = sourcecode.swift; path = RawTransaction.swift; sourceTree = "<group>"; };
		D0A519B8226C212C00860D5C /* SendUTXO.swift */ = {isa = PBXFileReference; lastKnownFileType = sourcecode.swift; path = SendUTXO.swift; sourceTree = "<group>"; };
		D0A519BA226C5B9E00860D5C /* GetSmartFee.swift */ = {isa = PBXFileReference; lastKnownFileType = sourcecode.swift; path = GetSmartFee.swift; sourceTree = "<group>"; };
		D0A7CF72227967F900B683A0 /* AddressParser.swift */ = {isa = PBXFileReference; lastKnownFileType = sourcecode.swift; path = AddressParser.swift; sourceTree = "<group>"; };
		D0AC9D31234D079000290550 /* BitSense.entitlements */ = {isa = PBXFileReference; lastKnownFileType = text.plist.entitlements; path = BitSense.entitlements; sourceTree = "<group>"; };
		D0AD9B6723E7ECC20032C607 /* SceneDelegate.swift */ = {isa = PBXFileReference; lastKnownFileType = sourcecode.swift; path = SceneDelegate.swift; sourceTree = "<group>"; };
		D0B3149E216C4DB1008FDC53 /* CreateRawTxViewController.swift */ = {isa = PBXFileReference; lastKnownFileType = sourcecode.swift; path = CreateRawTxViewController.swift; sourceTree = "<group>"; };
		D0B6936D22B2412D00A2C3E6 /* ChooseConnectionTypeViewController.swift */ = {isa = PBXFileReference; lastKnownFileType = sourcecode.swift; path = ChooseConnectionTypeViewController.swift; sourceTree = "<group>"; };
		D0B6937122B32D6300A2C3E6 /* TorCredentialViewController.swift */ = {isa = PBXFileReference; lastKnownFileType = sourcecode.swift; path = TorCredentialViewController.swift; sourceTree = "<group>"; };
		D0CB488F2435B32E0072D1F5 /* Entities.swift */ = {isa = PBXFileReference; lastKnownFileType = sourcecode.swift; path = Entities.swift; sourceTree = "<group>"; };
		D0CB48902435B32E0072D1F5 /* Commands.swift */ = {isa = PBXFileReference; lastKnownFileType = sourcecode.swift; path = Commands.swift; sourceTree = "<group>"; };
		D0D71DA22351F835005CCDB9 /* UtilitieMenuViewController.swift */ = {isa = PBXFileReference; lastKnownFileType = sourcecode.swift; path = UtilitieMenuViewController.swift; sourceTree = "<group>"; };
		D0DA954E2340A9C2001B7EB3 /* IncomingsMenuViewController.swift */ = {isa = PBXFileReference; lastKnownFileType = sourcecode.swift; path = IncomingsMenuViewController.swift; sourceTree = "<group>"; };
		D0DE292A22BCFE9900D9EBCF /* Readme.md */ = {isa = PBXFileReference; lastKnownFileType = net.daringfireball.markdown; path = Readme.md; sourceTree = "<group>"; };
		D0DE292C22BCFEEA00D9EBCF /* addNode.PNG */ = {isa = PBXFileReference; lastKnownFileType = image.png; path = addNode.PNG; sourceTree = "<group>"; };
		D0DE292E22BCFF0400D9EBCF /* switcher.PNG */ = {isa = PBXFileReference; lastKnownFileType = image.png; path = switcher.PNG; sourceTree = "<group>"; };
		D0DE293222BCFFAB00D9EBCF /* screenShot.png */ = {isa = PBXFileReference; lastKnownFileType = image.png; path = screenShot.png; sourceTree = "<group>"; };
		D0E51E582265640F005D1909 /* ErrorView.swift */ = {isa = PBXFileReference; lastKnownFileType = sourcecode.swift; path = ErrorView.swift; sourceTree = "<group>"; };
		D0E51E5A226592C9005D1909 /* NodeDetailViewController.swift */ = {isa = PBXFileReference; lastKnownFileType = sourcecode.swift; path = NodeDetailViewController.swift; sourceTree = "<group>"; };
		D0E9B63B211A94C600B416E7 /* Utilities.swift */ = {isa = PBXFileReference; lastKnownFileType = sourcecode.swift; path = Utilities.swift; sourceTree = "<group>"; };
		D0EC7489227DF06E001489B9 /* CreateUnsigned.swift */ = {isa = PBXFileReference; lastKnownFileType = sourcecode.swift; path = CreateUnsigned.swift; sourceTree = "<group>"; };
		D0EC748F227F6977001489B9 /* SignRawViewController.swift */ = {isa = PBXFileReference; lastKnownFileType = sourcecode.swift; path = SignRawViewController.swift; sourceTree = "<group>"; };
		D0ED69BB2325D768001F8FBC /* WalletsViewController.swift */ = {isa = PBXFileReference; lastKnownFileType = sourcecode.swift; path = WalletsViewController.swift; sourceTree = "<group>"; };
		D0EF29C0216B82B400EB776A /* SettingsViewController.swift */ = {isa = PBXFileReference; lastKnownFileType = sourcecode.swift; path = SettingsViewController.swift; sourceTree = "<group>"; };
		D0FA417B213C7CDA0028E4F8 /* whiteLock.png */ = {isa = PBXFileReference; lastKnownFileType = image.png; path = whiteLock.png; sourceTree = "<group>"; };
		D0FA417D213C7CED0028E4F8 /* whiteFingerPrint.png */ = {isa = PBXFileReference; lastKnownFileType = image.png; path = whiteFingerPrint.png; sourceTree = "<group>"; };
/* End PBXFileReference section */

/* Begin PBXFrameworksBuildPhase section */
		D00B9A212111427200E8B95A /* Frameworks */ = {
			isa = PBXFrameworksBuildPhase;
			buildActionMask = 2147483647;
			files = (
				D02C9410240DF0F500EE2177 /* Tor.framework in Frameworks */,
				D02C940E240DF0F300EE2177 /* KeychainSwift.framework in Frameworks */,
				D02C940B240DF0F000EE2177 /* CryptoSwift.framework in Frameworks */,
			);
			runOnlyForDeploymentPostprocessing = 0;
		};
		D00BD9C52365664600222A37 /* Frameworks */ = {
			isa = PBXFrameworksBuildPhase;
			buildActionMask = 2147483647;
			files = (
			);
			runOnlyForDeploymentPostprocessing = 0;
		};
/* End PBXFrameworksBuildPhase section */

/* Begin PBXGroup section */
		A084FD6F2359E9C900DA63CF /* Build */ = {
			isa = PBXGroup;
			children = (
				A084FD782359F7B700DA63CF /* .gitignore */,
				A084FD732359E9D500DA63CF /* Cartfile */,
				A084FD712359E9D500DA63CF /* Cartfile.resolved */,
			);
			name = Build;
			sourceTree = "<group>";
		};
		D0048C70225F38A90057E21B /* Home */ = {
			isa = PBXGroup;
			children = (
				D0EC748D227F5F92001489B9 /* Home Screen */,
				D0048C73225F39740057E21B /* Outgoing */,
				D0048C74225F39920057E21B /* Incoming */,
				D08495E822EBC8A3003FE8EB /* Utilities */,
			);
			path = Home;
			sourceTree = "<group>";
		};
		D0048C71225F38BF0057E21B /* Settings */ = {
			isa = PBXGroup;
			children = (
				D0048C72225F38D70057E21B /* Node Manager */,
				D0EF29C0216B82B400EB776A /* SettingsViewController.swift */,
				D039D3CB2333250900D1ED18 /* Wallet Manager */,
				D02958D4235053B300ED8F72 /* SecurityCenterViewController.swift */,
			);
			path = Settings;
			sourceTree = "<group>";
		};
		D0048C72225F38D70057E21B /* Node Manager */ = {
			isa = PBXGroup;
			children = (
				D08495F822EBCA3F003FE8EB /* Node Table */,
				D08495F922EBCA4A003FE8EB /* Node RPC Info */,
				D08495FA22EBCA5E003FE8EB /* Connection Type */,
				D08495FC22EBCA78003FE8EB /* Tor Credentials */,
			);
			path = "Node Manager";
			sourceTree = "<group>";
		};
		D0048C73225F39740057E21B /* Outgoing */ = {
			isa = PBXGroup;
			children = (
				D0855FBF22AE8D8100DBBFC2 /* PSBT's */,
				D0EC748C227F5F7B001489B9 /* Outgoings Menu */,
				D0560EEA227830F100C3E909 /* Raw Tx */,
				D06B3A522272D1C4001921EE /* UTXO's */,
				D0EC748B227F5F64001489B9 /* Create Unsigned */,
				D0855FBE22AE8D6D00DBBFC2 /* Sign Raw */,
			);
			path = Outgoing;
			sourceTree = "<group>";
		};
		D0048C74225F39920057E21B /* Incoming */ = {
			isa = PBXGroup;
			children = (
				D0EC748E227F5FAF001489B9 /* Incomings Menu */,
				D0560EEC2278321400C3E909 /* Invoice */,
				D0560EED2278322600C3E909 /* Import */,
				D08A92AA23377D1000409D6E /* DescriptorsViewController.swift */,
				D08A92AE2337AA6200409D6E /* DescriptorDisplayerViewController.swift */,
			);
			path = Incoming;
			sourceTree = "<group>";
		};
		D0048C75225F3B860057E21B /* Unlock Screen */ = {
			isa = PBXGroup;
			children = (
				D0452ADC224743C50013E225 /* LogInViewController.swift */,
			);
			path = "Unlock Screen";
			sourceTree = "<group>";
		};
		D00B9A1B2111427200E8B95A = {
			isa = PBXGroup;
			children = (
				A084FD6F2359E9C900DA63CF /* Build */,
				D084960522EC0A94003FE8EB /* LICENSE.md */,
				D0DE292A22BCFE9900D9EBCF /* Readme.md */,
				D00B9A262111427200E8B95A /* BitSense */,
				D00BD9C92365664600222A37 /* BitSenseTests */,
				D00B9A252111427200E8B95A /* Products */,
				D08C1FBB211147F600B7CA79 /* Frameworks */,
			);
			sourceTree = "<group>";
		};
		D00B9A252111427200E8B95A /* Products */ = {
			isa = PBXGroup;
			children = (
				D00B9A242111427200E8B95A /* BitSense.app */,
				D00BD9C82365664600222A37 /* BitSenseTests.xctest */,
			);
			name = Products;
			sourceTree = "<group>";
		};
		D00B9A262111427200E8B95A /* BitSense */ = {
			isa = PBXGroup;
			children = (
				D0AC9D31234D079000290550 /* BitSense.entitlements */,
				D0286D6221E2678D00954991 /* View Controllers */,
				D0286D6121E2675D00954991 /* Helpers */,
				D02FE43423136A730048F8C4 /* Node Logic */,
				D0A519B5226B3DA000860D5C /* Wallet Logic */,
				D02094F122593698002E8E7A /* Sub Views */,
				D039D3C623322EC800D1ED18 /* Structs */,
				D0FA417A213C7CB70028E4F8 /* Images */,
				D0286D6321E267AD00954991 /* Miscellaneous */,
				D00B9A272111427200E8B95A /* AppDelegate.swift */,
				D0410615224ED188004AC0D0 /* BitSense-Bridging-Header.h */,
				D0410616224ED189004AC0D0 /* ObjectiveCHeader.m */,
				D00B9A2B2111427200E8B95A /* Main.storyboard */,
				D00B9A312111427200E8B95A /* Assets.xcassets */,
				D00B9A332111427200E8B95A /* LaunchScreen.storyboard */,
				D00B9A362111427200E8B95A /* Info.plist */,
				D00B9A2E2111427200E8B95A /* BitSense.xcdatamodeld */,
				D0AD9B6723E7ECC20032C607 /* SceneDelegate.swift */,
			);
			path = BitSense;
			sourceTree = "<group>";
		};
		D00BD9C92365664600222A37 /* BitSenseTests */ = {
			isa = PBXGroup;
			children = (
				D00BD9CA2365664600222A37 /* BitSenseTests.swift */,
				D00BD9CC2365664600222A37 /* Info.plist */,
			);
			path = BitSenseTests;
			sourceTree = "<group>";
		};
		D02094F122593698002E8E7A /* Sub Views */ = {
			isa = PBXGroup;
			children = (
				D08495FD22EBCA97003FE8EB /* Number Pad */,
				D08495FE22EBCABC003FE8EB /* Spinner View */,
				D08495FF22EBCAE9003FE8EB /* QR Scanner */,
				D084960022EBCAF7003FE8EB /* QR Generator */,
				D084960122EBCB04003FE8EB /* Alert View */,
				D084960222EBCB1F003FE8EB /* Raw Transaction Displayer */,
			);
			path = "Sub Views";
			sourceTree = "<group>";
		};
		D0233F292361EB8C0041FFBA /* Base32 Key Gen */ = {
			isa = PBXGroup;
			children = (
				D0233F212361E68F0041FFBA /* KeyGen.swift */,
				D0233F232361EA090041FFBA /* Base32.swift */,
				D0233F252361EA380041FFBA /* StringExtension.swift */,
				D0233F272361EA5F0041FFBA /* shim.swift */,
			);
			path = "Base32 Key Gen";
			sourceTree = "<group>";
		};
		D0286D6121E2675D00954991 /* Helpers */ = {
			isa = PBXGroup;
			children = (
				D02094EF2257FB78002E8E7A /* FirstTime.swift */,
				D073E16D22558CDE0012A28C /* CoreDataService.swift */,
				D073E16F22558DF30012A28C /* AESService.swift */,
				D073E16C225588EF0012A28C /* Tor */,
				D0A7CF72227967F900B683A0 /* AddressParser.swift */,
				D08A92A52334F66900409D6E /* Reducer.swift */,
				D08A92A82337755600409D6E /* AddDescriptors.swift */,
				D08A92B2233B527F00409D6E /* KillSwitch.swift */,
				D08A92B4233C979600409D6E /* FiatConverter.swift */,
				D02152DB23666CB400AD9007 /* QuickConnect.swift */,
				D0CB48902435B32E0072D1F5 /* Commands.swift */,
				D0CB488F2435B32E0072D1F5 /* Entities.swift */,
				D07399D8245EEA5F00860B7E /* Broadcaster.swift */,
				D0384E35246AC5B8002FEE94 /* Xpub Converter */,
			);
			path = Helpers;
			sourceTree = "<group>";
		};
		D0286D6221E2678D00954991 /* View Controllers */ = {
			isa = PBXGroup;
			children = (
				D0048C71225F38BF0057E21B /* Settings */,
				D0048C70225F38A90057E21B /* Home */,
				D0048C75225F3B860057E21B /* Unlock Screen */,
			);
			path = "View Controllers";
			sourceTree = "<group>";
		};
		D0286D6321E267AD00954991 /* Miscellaneous */ = {
			isa = PBXGroup;
			children = (
				D02094ED2256B06B002E8E7A /* Transition.swift */,
				D0E9B63B211A94C600B416E7 /* Utilities.swift */,
				D0233F292361EB8C0041FFBA /* Base32 Key Gen */,
			);
			path = Miscellaneous;
			sourceTree = "<group>";
		};
		D02FE43423136A730048F8C4 /* Node Logic */ = {
			isa = PBXGroup;
			children = (
				D02FE43223136A600048F8C4 /* NodeLogic.swift */,
			);
			path = "Node Logic";
			sourceTree = "<group>";
		};
		D037C866231B84C6006C357D /* Multisig */ = {
			isa = PBXGroup;
			children = (
				D08495EE22EBC984003FE8EB /* Import Musig */,
				D08495EF22EBC99B003FE8EB /* Display Musig */,
			);
			name = Multisig;
			path = Mulitsig;
			sourceTree = "<group>";
		};
		D0384E35246AC5B8002FEE94 /* Xpub Converter */ = {
			isa = PBXGroup;
			children = (
				D0384E2E246AC4B1002FEE94 /* XpubConverter.swift */,
				D0384E30246AC4D8002FEE94 /* Base58.swift */,
				D0384E33246AC53B002FEE94 /* base58.c */,
				D0384E37246AC66A002FEE94 /* base58.h */,
			);
			path = "Xpub Converter";
			sourceTree = "<group>";
		};
		D039D3C623322EC800D1ED18 /* Structs */ = {
			isa = PBXGroup;
			children = (
				D02FE4352313882F0048F8C4 /* HomeTableStruct.swift */,
				D039D3C723322F1300D1ED18 /* NodeStruct.swift */,
				D039D3C92332440D00D1ED18 /* HDMusigStruct.swift */,
				D08A92AC2337A63000409D6E /* DescriptorStruct.swift */,
				D044ED77235AF42D00300D62 /* ImportStruct.swift */,
			);
			path = Structs;
			sourceTree = "<group>";
		};
		D039D3CB2333250900D1ED18 /* Wallet Manager */ = {
			isa = PBXGroup;
			children = (
				D07E0DE522F9168F00A81FA8 /* WalletManagerViewController.swift */,
				D07E0DE722F9570A00A81FA8 /* WalletCreatorViewController.swift */,
			);
			path = "Wallet Manager";
			sourceTree = "<group>";
		};
		D0560EEA227830F100C3E909 /* Raw Tx */ = {
			isa = PBXGroup;
			children = (
				D0B3149E216C4DB1008FDC53 /* CreateRawTxViewController.swift */,
			);
			path = "Raw Tx";
			sourceTree = "<group>";
		};
		D0560EEC2278321400C3E909 /* Invoice */ = {
			isa = PBXGroup;
			children = (
				D0126FF522446E3800412629 /* InvoiceViewController.swift */,
			);
			path = Invoice;
			sourceTree = "<group>";
		};
		D0560EED2278322600C3E909 /* Import */ = {
			isa = PBXGroup;
			children = (
				D037C866231B84C6006C357D /* Multisig */,
				D08495EC22EBC952003FE8EB /* Import a Key */,
				D08495ED22EBC96E003FE8EB /* Import Extended Key */,
			);
			path = Import;
			sourceTree = "<group>";
		};
		D068481922ECE5C700A825E1 /* Transaction Viewer */ = {
			isa = PBXGroup;
			children = (
				D08CED1022E54B11007E2A8E /* TransactionViewController.swift */,
			);
			path = "Transaction Viewer";
			sourceTree = "<group>";
		};
		D06B3A522272D1C4001921EE /* UTXO's */ = {
			isa = PBXGroup;
			children = (
				D0560EE82277F75900C3E909 /* UTXOViewController.swift */,
				D08A92B6233E113B00409D6E /* LockedViewController.swift */,
			);
			path = "UTXO's";
			sourceTree = "<group>";
		};
		D073E16C225588EF0012A28C /* Tor */ = {
			isa = PBXGroup;
			children = (
				D0855FC522B08EE000DBBFC2 /* TorClient.swift */,
				D0A2918E225114670099A2F3 /* MakeRPCCall.swift */,
			);
			path = Tor;
			sourceTree = "<group>";
		};
		D08495E822EBC8A3003FE8EB /* Utilities */ = {
			isa = PBXGroup;
			children = (
				D08495EB22EBC907003FE8EB /* Tools View */,
				D08495E922EBC8BE003FE8EB /* Menu */,
				D02958D2234F82E000ED8F72 /* IdentityViewController.swift */,
			);
			path = Utilities;
			sourceTree = "<group>";
		};
		D08495E922EBC8BE003FE8EB /* Menu */ = {
			isa = PBXGroup;
			children = (
				D0D71DA22351F835005CCDB9 /* UtilitieMenuViewController.swift */,
			);
			path = Menu;
			sourceTree = "<group>";
		};
		D08495EB22EBC907003FE8EB /* Tools View */ = {
			isa = PBXGroup;
			children = (
				D084960322EBCD3B003FE8EB /* GetInfoViewController.swift */,
			);
			path = "Tools View";
			sourceTree = "<group>";
		};
		D08495EC22EBC952003FE8EB /* Import a Key */ = {
			isa = PBXGroup;
			children = (
				D0452ADA2247417F0013E225 /* ImportPrivKeyViewController.swift */,
			);
			path = "Import a Key";
			sourceTree = "<group>";
		};
		D08495ED22EBC96E003FE8EB /* Import Extended Key */ = {
			isa = PBXGroup;
			children = (
				D08CED0E22E5089D007E2A8E /* ImportExtendedKeysViewController.swift */,
				D037C867231B85A0006C357D /* ExtendedKeysParentViewController.swift */,
				D037C869231BAF8B006C357D /* ChooseRangeViewController.swift */,
				D037C86B231BAFB4006C357D /* AddToKeypoolViewController.swift */,
				D037C86D231BAFD2006C357D /* AddAsChangeViewController.swift */,
				D037C86F231BAFF1006C357D /* RescanViewController.swift */,
				D037C871231BB020006C357D /* AddFingerprintViewController.swift */,
				D037C873231BB04B006C357D /* ScanExtendedKeyViewController.swift */,
				D037C875231CAFD9006C357D /* AddLabelViewController.swift */,
			);
			path = "Import Extended Key";
			sourceTree = "<group>";
		};
		D08495EE22EBC984003FE8EB /* Import Musig */ = {
			isa = PBXGroup;
			children = (
				D07A8236235D4FEE00F7E095 /* ImportMultiSigViewController.swift */,
			);
			name = "Import Musig";
			path = "../Import Musig";
			sourceTree = "<group>";
		};
		D08495EF22EBC99B003FE8EB /* Display Musig */ = {
			isa = PBXGroup;
			children = (
				D07A823A235D501A00F7E095 /* MuSigDisplayerTableViewController.swift */,
			);
			name = "Display Musig";
			path = "../Display Musig";
			sourceTree = "<group>";
		};
		D08495F222EBC9D3003FE8EB /* Create PSBT */ = {
			isa = PBXGroup;
			children = (
				D0855FC722B0C71900DBBFC2 /* CreatePSBTViewController.swift */,
			);
			path = "Create PSBT";
			sourceTree = "<group>";
		};
		D08495F322EBC9DF003FE8EB /* Process Analyze Finalize Convert Decode PSBT */ = {
			isa = PBXGroup;
			children = (
				D033D1CE22B5D1FA00523BEE /* ProcessPSBTViewController.swift */,
			);
			path = "Process Analyze Finalize Convert Decode PSBT";
			sourceTree = "<group>";
		};
		D08495F522EBC9FC003FE8EB /* Join PSBT */ = {
			isa = PBXGroup;
			children = (
				D07EC08F22DBFB5400F9160D /* JoinPSBTViewController.swift */,
			);
			path = "Join PSBT";
			sourceTree = "<group>";
		};
		D08495F822EBCA3F003FE8EB /* Node Table */ = {
			isa = PBXGroup;
			children = (
				D08A92B823403DB200409D6E /* NodesViewController.swift */,
			);
			path = "Node Table";
			sourceTree = "<group>";
		};
		D08495F922EBCA4A003FE8EB /* Node RPC Info */ = {
			isa = PBXGroup;
			children = (
				D0E51E5A226592C9005D1909 /* NodeDetailViewController.swift */,
			);
			path = "Node RPC Info";
			sourceTree = "<group>";
		};
		D08495FA22EBCA5E003FE8EB /* Connection Type */ = {
			isa = PBXGroup;
			children = (
				D0B6936D22B2412D00A2C3E6 /* ChooseConnectionTypeViewController.swift */,
			);
			path = "Connection Type";
			sourceTree = "<group>";
		};
		D08495FC22EBCA78003FE8EB /* Tor Credentials */ = {
			isa = PBXGroup;
			children = (
				D0B6937122B32D6300A2C3E6 /* TorCredentialViewController.swift */,
				D0233F2A236284200041FFBA /* ShowV3PubKeyViewController.swift */,
			);
			path = "Tor Credentials";
			sourceTree = "<group>";
		};
		D08495FD22EBCA97003FE8EB /* Number Pad */ = {
			isa = PBXGroup;
			children = (
				D0196DDA21B5AC5F0081E0AB /* KeyPad.swift */,
				D0196DD621B5AB300081E0AB /* KeyPadButtonView.xib */,
			);
			path = "Number Pad";
			sourceTree = "<group>";
		};
		D08495FE22EBCABC003FE8EB /* Spinner View */ = {
			isa = PBXGroup;
			children = (
				D02094F2225936D2002E8E7A /* ConnectingView.swift */,
			);
			path = "Spinner View";
			sourceTree = "<group>";
		};
		D08495FF22EBCAE9003FE8EB /* QR Scanner */ = {
			isa = PBXGroup;
			children = (
				D05D972B2264104D0035F1DE /* QRScanner.swift */,
			);
			path = "QR Scanner";
			sourceTree = "<group>";
		};
		D084960022EBCAF7003FE8EB /* QR Generator */ = {
			isa = PBXGroup;
			children = (
				D05D973322647CE60035F1DE /* QRGenerator.swift */,
			);
			path = "QR Generator";
			sourceTree = "<group>";
		};
		D084960122EBCB04003FE8EB /* Alert View */ = {
			isa = PBXGroup;
			children = (
				D0E51E582265640F005D1909 /* ErrorView.swift */,
			);
			path = "Alert View";
			sourceTree = "<group>";
		};
		D084960222EBCB1F003FE8EB /* Raw Transaction Displayer */ = {
			isa = PBXGroup;
			children = (
				D05266122271D6D100E2394B /* RawDisplayer.swift */,
			);
			path = "Raw Transaction Displayer";
			sourceTree = "<group>";
		};
		D0855FBE22AE8D6D00DBBFC2 /* Sign Raw */ = {
			isa = PBXGroup;
			children = (
				D0EC748F227F6977001489B9 /* SignRawViewController.swift */,
			);
			path = "Sign Raw";
			sourceTree = "<group>";
		};
		D0855FBF22AE8D8100DBBFC2 /* PSBT's */ = {
			isa = PBXGroup;
			children = (
				D08495F222EBC9D3003FE8EB /* Create PSBT */,
				D08495F322EBC9DF003FE8EB /* Process Analyze Finalize Convert Decode PSBT */,
				D08495F522EBC9FC003FE8EB /* Join PSBT */,
			);
			path = "PSBT's";
			sourceTree = "<group>";
		};
		D08C1FBB211147F600B7CA79 /* Frameworks */ = {
			isa = PBXGroup;
			children = (
				D0855FBC22AE1B3000DBBFC2 /* CryptoSwift.framework */,
				D0855FBA22AE1B2B00DBBFC2 /* KeychainSwift.framework */,
				D0855FB822ACB7D100DBBFC2 /* Tor.framework */,
			);
			name = Frameworks;
			sourceTree = "<group>";
		};
		D0A519B5226B3DA000860D5C /* Wallet Logic */ = {
			isa = PBXGroup;
			children = (
				D0A519B6226B3DD400860D5C /* RawTransaction.swift */,
				D0A519B8226C212C00860D5C /* SendUTXO.swift */,
				D0A519BA226C5B9E00860D5C /* GetSmartFee.swift */,
				D0EC7489227DF06E001489B9 /* CreateUnsigned.swift */,
				D0855FC922B0CEA800DBBFC2 /* CreatePSBT.swift */,
				D0806B4422EE9FBA002C20A1 /* TXChain.swift */,
			);
			path = "Wallet Logic";
			sourceTree = "<group>";
		};
		D0EC748B227F5F64001489B9 /* Create Unsigned */ = {
			isa = PBXGroup;
			children = (
				D0560EEE22784E9D00C3E909 /* UnsignedViewController.swift */,
			);
			path = "Create Unsigned";
			sourceTree = "<group>";
		};
		D0EC748C227F5F7B001489B9 /* Outgoings Menu */ = {
			isa = PBXGroup;
			children = (
				D058F3C1226D9DED00CF4BE9 /* OutgoingsTableViewController.swift */,
			);
			path = "Outgoings Menu";
			sourceTree = "<group>";
		};
		D0EC748D227F5F92001489B9 /* Home Screen */ = {
			isa = PBXGroup;
			children = (
				D05692E221434452006DF0F4 /* MainMenuViewController.swift */,
				D068481922ECE5C700A825E1 /* Transaction Viewer */,
				D08A92B0233B213300409D6E /* ChooseWalletViewController.swift */,
			);
			path = "Home Screen";
			sourceTree = "<group>";
		};
		D0EC748E227F5FAF001489B9 /* Incomings Menu */ = {
			isa = PBXGroup;
			children = (
				D0ED69BB2325D768001F8FBC /* WalletsViewController.swift */,
				D0DA954E2340A9C2001B7EB3 /* IncomingsMenuViewController.swift */,
			);
			path = "Incomings Menu";
			sourceTree = "<group>";
		};
		D0FA417A213C7CB70028E4F8 /* Images */ = {
			isa = PBXGroup;
			children = (
				D0DE293222BCFFAB00D9EBCF /* screenShot.png */,
				D0DE292E22BCFF0400D9EBCF /* switcher.PNG */,
				D0DE292C22BCFEEA00D9EBCF /* addNode.PNG */,
				D05D9731226433B60035F1DE /* strobe.png */,
				D05D972F226425730035F1DE /* images.png */,
				D0452AD32246C7820013E225 /* clear.png */,
				D0A291902251743B0099A2F3 /* settings90.png */,
				D0452AD52246E0370013E225 /* whiteBroom.png */,
				D0FA417B213C7CDA0028E4F8 /* whiteLock.png */,
				D0126FF72244842000412629 /* bWhite.png */,
				D0126FEF22443D1100412629 /* whitePlus.png */,
				D0358D9421B1B44A007D56ED /* whiteCheck.png */,
				D08CED1422E7F118007E2A8E /* ItunesArtwork@2x.png */,
				D071A29F214880F700C4BCB3 /* Search - tripkey.png */,
				D05692E82144AC13006DF0F4 /* back.png */,
				D0FA417D213C7CED0028E4F8 /* whiteFingerPrint.png */,
			);
			path = Images;
			sourceTree = "<group>";
		};
/* End PBXGroup section */

/* Begin PBXNativeTarget section */
		D00B9A232111427200E8B95A /* BitSense */ = {
			isa = PBXNativeTarget;
			buildConfigurationList = D00B9A392111427200E8B95A /* Build configuration list for PBXNativeTarget "BitSense" */;
			buildPhases = (
				D00B9A202111427200E8B95A /* Sources */,
				D00B9A212111427200E8B95A /* Frameworks */,
				D00B9A222111427200E8B95A /* Resources */,
				D08C1FBE2111480100B7CA79 /* ShellScript */,
			);
			buildRules = (
			);
			dependencies = (
			);
			name = BitSense;
			productName = BitSense;
			productReference = D00B9A242111427200E8B95A /* BitSense.app */;
			productType = "com.apple.product-type.application";
		};
		D00BD9C72365664600222A37 /* BitSenseTests */ = {
			isa = PBXNativeTarget;
			buildConfigurationList = D00BD9D12365664600222A37 /* Build configuration list for PBXNativeTarget "BitSenseTests" */;
			buildPhases = (
				D00BD9C42365664600222A37 /* Sources */,
				D00BD9C52365664600222A37 /* Frameworks */,
				D00BD9C62365664600222A37 /* Resources */,
			);
			buildRules = (
			);
			dependencies = (
				D00BD9CE2365664600222A37 /* PBXTargetDependency */,
			);
			name = BitSenseTests;
			productName = BitSenseTests;
			productReference = D00BD9C82365664600222A37 /* BitSenseTests.xctest */;
			productType = "com.apple.product-type.bundle.unit-test";
		};
/* End PBXNativeTarget section */

/* Begin PBXProject section */
		D00B9A1C2111427200E8B95A /* Project object */ = {
			isa = PBXProject;
			attributes = {
				LastSwiftUpdateCheck = 1110;
				LastUpgradeCheck = 1000;
				ORGANIZATIONNAME = Fontaine;
				TargetAttributes = {
					D00B9A232111427200E8B95A = {
						CreatedOnToolsVersion = 9.1;
						LastSwiftMigration = 1020;
						SystemCapabilities = {
							com.apple.InAppPurchase = {
								enabled = 0;
							};
							com.apple.Multipath = {
								enabled = 0;
							};
							com.apple.NetworkExtensions.iOS = {
								enabled = 0;
							};
							com.apple.SafariKeychain = {
								enabled = 0;
							};
							com.apple.VPNLite = {
								enabled = 0;
							};
						};
					};
					D00BD9C72365664600222A37 = {
						CreatedOnToolsVersion = 11.1;
						TestTargetID = D00B9A232111427200E8B95A;
					};
				};
			};
			buildConfigurationList = D00B9A1F2111427200E8B95A /* Build configuration list for PBXProject "BitSense" */;
			compatibilityVersion = "Xcode 8.0";
			developmentRegion = en;
			hasScannedForEncodings = 0;
			knownRegions = (
				en,
				Base,
			);
			mainGroup = D00B9A1B2111427200E8B95A;
			productRefGroup = D00B9A252111427200E8B95A /* Products */;
			projectDirPath = "";
			projectRoot = "";
			targets = (
				D00B9A232111427200E8B95A /* BitSense */,
				D00BD9C72365664600222A37 /* BitSenseTests */,
			);
		};
/* End PBXProject section */

/* Begin PBXResourcesBuildPhase section */
		D00B9A222111427200E8B95A /* Resources */ = {
			isa = PBXResourcesBuildPhase;
			buildActionMask = 2147483647;
			files = (
				D0DE292F22BCFF0400D9EBCF /* switcher.PNG in Resources */,
				D0358D9521B1B44B007D56ED /* whiteCheck.png in Resources */,
				D084960622EC0A94003FE8EB /* LICENSE.md in Resources */,
				D0A291912251743B0099A2F3 /* settings90.png in Resources */,
				D0DE292B22BCFE9900D9EBCF /* Readme.md in Resources */,
				D0126FF022443D1100412629 /* whitePlus.png in Resources */,
				D05D9730226425730035F1DE /* images.png in Resources */,
				D00B9A352111427200E8B95A /* LaunchScreen.storyboard in Resources */,
				D08CED1522E7F118007E2A8E /* ItunesArtwork@2x.png in Resources */,
				D00B9A322111427200E8B95A /* Assets.xcassets in Resources */,
				D05692E92144AC13006DF0F4 /* back.png in Resources */,
				D0FA417C213C7CDA0028E4F8 /* whiteLock.png in Resources */,
				D0196DD721B5AB300081E0AB /* KeyPadButtonView.xib in Resources */,
				D0452AD62246E0370013E225 /* whiteBroom.png in Resources */,
				D0DE292D22BCFEEA00D9EBCF /* addNode.PNG in Resources */,
				D071A2A0214880F700C4BCB3 /* Search - tripkey.png in Resources */,
				D0452AD42246C7830013E225 /* clear.png in Resources */,
				D0126FF82244842000412629 /* bWhite.png in Resources */,
				D05D9732226433B60035F1DE /* strobe.png in Resources */,
				D0FA417E213C7CED0028E4F8 /* whiteFingerPrint.png in Resources */,
				D00B9A2D2111427200E8B95A /* Main.storyboard in Resources */,
				D0DE293322BCFFAB00D9EBCF /* screenShot.png in Resources */,
			);
			runOnlyForDeploymentPostprocessing = 0;
		};
		D00BD9C62365664600222A37 /* Resources */ = {
			isa = PBXResourcesBuildPhase;
			buildActionMask = 2147483647;
			files = (
			);
			runOnlyForDeploymentPostprocessing = 0;
		};
/* End PBXResourcesBuildPhase section */

/* Begin PBXShellScriptBuildPhase section */
		D08C1FBE2111480100B7CA79 /* ShellScript */ = {
			isa = PBXShellScriptBuildPhase;
			buildActionMask = 2147483647;
			files = (
			);
			inputPaths = (
				"$(SRCROOT)/Carthage/Build/iOS/Tor.framework",
				"$(SRCROOT)/Carthage/Build/iOS/CryptoSwift.framework",
				"$(SRCROOT)/Carthage/Build/iOS/KeychainSwift.framework",
			);
			outputPaths = (
			);
			runOnlyForDeploymentPostprocessing = 0;
			shellPath = /bin/sh;
			shellScript = "/usr/local/bin/carthage copy-frameworks\n";
		};
/* End PBXShellScriptBuildPhase section */

/* Begin PBXSourcesBuildPhase section */
		D00B9A202111427200E8B95A /* Sources */ = {
			isa = PBXSourcesBuildPhase;
			buildActionMask = 2147483647;
			files = (
				D0E9B63C211A94C600B416E7 /* Utilities.swift in Sources */,
				D039D3CA2332440D00D1ED18 /* HDMusigStruct.swift in Sources */,
				D02094F02257FB78002E8E7A /* FirstTime.swift in Sources */,
				D0560EEF22784E9D00C3E909 /* UnsignedViewController.swift in Sources */,
				D058F3C2226D9DED00CF4BE9 /* OutgoingsTableViewController.swift in Sources */,
				D0DA954F2340A9C2001B7EB3 /* IncomingsMenuViewController.swift in Sources */,
				D08A92AF2337AA6200409D6E /* DescriptorDisplayerViewController.swift in Sources */,
				D07A823B235D501A00F7E095 /* MuSigDisplayerTableViewController.swift in Sources */,
				D08A92B7233E113B00409D6E /* LockedViewController.swift in Sources */,
				D039D3C823322F1300D1ED18 /* NodeStruct.swift in Sources */,
				D08A92AD2337A63000409D6E /* DescriptorStruct.swift in Sources */,
				D037C876231CAFD9006C357D /* AddLabelViewController.swift in Sources */,
				D0233F282361EA5F0041FFBA /* shim.swift in Sources */,
				D05692E321434452006DF0F4 /* MainMenuViewController.swift in Sources */,
				D07399D9245EEA5F00860B7E /* Broadcaster.swift in Sources */,
				D02FE43323136A600048F8C4 /* NodeLogic.swift in Sources */,
				D07A8237235D4FEE00F7E095 /* ImportMultiSigViewController.swift in Sources */,
				D0855FC822B0C71900DBBFC2 /* CreatePSBTViewController.swift in Sources */,
				D05D973422647CE60035F1DE /* QRGenerator.swift in Sources */,
				D07AED042435B62B00C2FADB /* Entities.swift in Sources */,
				D037C872231BB020006C357D /* AddFingerprintViewController.swift in Sources */,
				D0855FCA22B0CEA800DBBFC2 /* CreatePSBT.swift in Sources */,
				D02094F3225936D2002E8E7A /* ConnectingView.swift in Sources */,
				D0196DDB21B5AC5F0081E0AB /* KeyPad.swift in Sources */,
				D0ED69BC2325D768001F8FBC /* WalletsViewController.swift in Sources */,
				D037C870231BAFF1006C357D /* RescanViewController.swift in Sources */,
				D02958D5235053B300ED8F72 /* SecurityCenterViewController.swift in Sources */,
				D08A92AB23377D1000409D6E /* DescriptorsViewController.swift in Sources */,
				D08A92B3233B527F00409D6E /* KillSwitch.swift in Sources */,
				D0B3149F216C4DB1008FDC53 /* CreateRawTxViewController.swift in Sources */,
				D0B6937222B32D6300A2C3E6 /* TorCredentialViewController.swift in Sources */,
				D0E51E592265640F005D1909 /* ErrorView.swift in Sources */,
				D0233F2B236284200041FFBA /* ShowV3PubKeyViewController.swift in Sources */,
				D02152DC23666CB400AD9007 /* QuickConnect.swift in Sources */,
				D0D71DA32351F835005CCDB9 /* UtilitieMenuViewController.swift in Sources */,
				D0452ADD224743C50013E225 /* LogInViewController.swift in Sources */,
				D02958D3234F82E000ED8F72 /* IdentityViewController.swift in Sources */,
				D0EC748A227DF06E001489B9 /* CreateUnsigned.swift in Sources */,
				D0A519B7226B3DD400860D5C /* RawTransaction.swift in Sources */,
				D08CED1122E54B11007E2A8E /* TransactionViewController.swift in Sources */,
				D08A92B1233B213300409D6E /* ChooseWalletViewController.swift in Sources */,
				D0A2918F225114670099A2F3 /* MakeRPCCall.swift in Sources */,
				D0233F262361EA380041FFBA /* StringExtension.swift in Sources */,
				D07EC09022DBFB5400F9160D /* JoinPSBTViewController.swift in Sources */,
				D0233F242361EA090041FFBA /* Base32.swift in Sources */,
				D037C86C231BAFB4006C357D /* AddToKeypoolViewController.swift in Sources */,
				D0452ADB2247417F0013E225 /* ImportPrivKeyViewController.swift in Sources */,
				D0384E2F246AC4B1002FEE94 /* XpubConverter.swift in Sources */,
				D08CED0F22E5089D007E2A8E /* ImportExtendedKeysViewController.swift in Sources */,
				D08A92B5233C979600409D6E /* FiatConverter.swift in Sources */,
				D08A92A92337755600409D6E /* AddDescriptors.swift in Sources */,
				D05266132271D6D100E2394B /* RawDisplayer.swift in Sources */,
				D0A519B9226C212C00860D5C /* SendUTXO.swift in Sources */,
				D0855FC622B08EE000DBBFC2 /* TorClient.swift in Sources */,
				D0E51E5B226592C9005D1909 /* NodeDetailViewController.swift in Sources */,
				D02FE4362313882F0048F8C4 /* HomeTableStruct.swift in Sources */,
				D0233F222361E68F0041FFBA /* KeyGen.swift in Sources */,
				D073E17022558DF30012A28C /* AESService.swift in Sources */,
				D0126FF622446E3800412629 /* InvoiceViewController.swift in Sources */,
				D0410617224ED189004AC0D0 /* ObjectiveCHeader.m in Sources */,
				D0B6936E22B2412D00A2C3E6 /* ChooseConnectionTypeViewController.swift in Sources */,
				D07E0DE622F9168F00A81FA8 /* WalletManagerViewController.swift in Sources */,
				D0384E34246AC53B002FEE94 /* base58.c in Sources */,
				D037C874231BB04B006C357D /* ScanExtendedKeyViewController.swift in Sources */,
				D044ED78235AF42D00300D62 /* ImportStruct.swift in Sources */,
				D08A92A62334F66900409D6E /* Reducer.swift in Sources */,
				D0806B4522EE9FBA002C20A1 /* TXChain.swift in Sources */,
				D08A92B923403DB200409D6E /* NodesViewController.swift in Sources */,
				D0384E31246AC4D8002FEE94 /* Base58.swift in Sources */,
				D033D1CF22B5D1FA00523BEE /* ProcessPSBTViewController.swift in Sources */,
				D0A519BB226C5B9E00860D5C /* GetSmartFee.swift in Sources */,
				D07E0DE822F9570A00A81FA8 /* WalletCreatorViewController.swift in Sources */,
				D02094EE2256B06B002E8E7A /* Transition.swift in Sources */,
				D0AD9B6823E7ECC20032C607 /* SceneDelegate.swift in Sources */,
				D05D972C2264104D0035F1DE /* QRScanner.swift in Sources */,
				D00B9A302111427200E8B95A /* BitSense.xcdatamodeld in Sources */,
				D0560EE92277F75900C3E909 /* UTXOViewController.swift in Sources */,
				D037C868231B85A0006C357D /* ExtendedKeysParentViewController.swift in Sources */,
				D0EF29C1216B82B400EB776A /* SettingsViewController.swift in Sources */,
				D037C86A231BAF8B006C357D /* ChooseRangeViewController.swift in Sources */,
				D0A7CF73227967F900B683A0 /* AddressParser.swift in Sources */,
				D00B9A282111427200E8B95A /* AppDelegate.swift in Sources */,
				D0EC7490227F6977001489B9 /* SignRawViewController.swift in Sources */,
				D07AED032435B62800C2FADB /* Commands.swift in Sources */,
				D084960422EBCD3B003FE8EB /* GetInfoViewController.swift in Sources */,
				D073E16E22558CDE0012A28C /* CoreDataService.swift in Sources */,
				D037C86E231BAFD2006C357D /* AddAsChangeViewController.swift in Sources */,
			);
			runOnlyForDeploymentPostprocessing = 0;
		};
		D00BD9C42365664600222A37 /* Sources */ = {
			isa = PBXSourcesBuildPhase;
			buildActionMask = 2147483647;
			files = (
				D00BD9CB2365664600222A37 /* BitSenseTests.swift in Sources */,
			);
			runOnlyForDeploymentPostprocessing = 0;
		};
/* End PBXSourcesBuildPhase section */

/* Begin PBXTargetDependency section */
		D00BD9CE2365664600222A37 /* PBXTargetDependency */ = {
			isa = PBXTargetDependency;
			target = D00B9A232111427200E8B95A /* BitSense */;
			targetProxy = D00BD9CD2365664600222A37 /* PBXContainerItemProxy */;
		};
/* End PBXTargetDependency section */

/* Begin PBXVariantGroup section */
		D00B9A2B2111427200E8B95A /* Main.storyboard */ = {
			isa = PBXVariantGroup;
			children = (
				D00B9A2C2111427200E8B95A /* Base */,
			);
			name = Main.storyboard;
			sourceTree = "<group>";
		};
		D00B9A332111427200E8B95A /* LaunchScreen.storyboard */ = {
			isa = PBXVariantGroup;
			children = (
				D00B9A342111427200E8B95A /* Base */,
			);
			name = LaunchScreen.storyboard;
			sourceTree = "<group>";
		};
/* End PBXVariantGroup section */

/* Begin XCBuildConfiguration section */
		D00B9A372111427200E8B95A /* Debug */ = {
			isa = XCBuildConfiguration;
			buildSettings = {
				ALWAYS_SEARCH_USER_PATHS = NO;
				CLANG_ANALYZER_NONNULL = YES;
				CLANG_ANALYZER_NUMBER_OBJECT_CONVERSION = YES_AGGRESSIVE;
				CLANG_CXX_LANGUAGE_STANDARD = "gnu++14";
				CLANG_CXX_LIBRARY = "libc++";
				CLANG_ENABLE_MODULES = YES;
				CLANG_ENABLE_OBJC_ARC = YES;
				CLANG_WARN_BLOCK_CAPTURE_AUTORELEASING = YES;
				CLANG_WARN_BOOL_CONVERSION = YES;
				CLANG_WARN_COMMA = YES;
				CLANG_WARN_CONSTANT_CONVERSION = YES;
				CLANG_WARN_DEPRECATED_OBJC_IMPLEMENTATIONS = YES;
				CLANG_WARN_DIRECT_OBJC_ISA_USAGE = YES_ERROR;
				CLANG_WARN_DOCUMENTATION_COMMENTS = YES;
				CLANG_WARN_EMPTY_BODY = YES;
				CLANG_WARN_ENUM_CONVERSION = YES;
				CLANG_WARN_INFINITE_RECURSION = YES;
				CLANG_WARN_INT_CONVERSION = YES;
				CLANG_WARN_NON_LITERAL_NULL_CONVERSION = YES;
				CLANG_WARN_OBJC_IMPLICIT_RETAIN_SELF = YES;
				CLANG_WARN_OBJC_LITERAL_CONVERSION = YES;
				CLANG_WARN_OBJC_ROOT_CLASS = YES_ERROR;
				CLANG_WARN_RANGE_LOOP_ANALYSIS = YES;
				CLANG_WARN_STRICT_PROTOTYPES = YES;
				CLANG_WARN_SUSPICIOUS_MOVE = YES;
				CLANG_WARN_UNGUARDED_AVAILABILITY = YES_AGGRESSIVE;
				CLANG_WARN_UNREACHABLE_CODE = YES;
				CLANG_WARN__DUPLICATE_METHOD_MATCH = YES;
				CODE_SIGN_IDENTITY = "iPhone Developer";
				COPY_PHASE_STRIP = NO;
				DEBUG_INFORMATION_FORMAT = dwarf;
				ENABLE_BITCODE = NO;
				ENABLE_STRICT_OBJC_MSGSEND = YES;
				ENABLE_TESTABILITY = YES;
				GCC_C_LANGUAGE_STANDARD = gnu11;
				GCC_DYNAMIC_NO_PIC = NO;
				GCC_NO_COMMON_BLOCKS = YES;
				GCC_OPTIMIZATION_LEVEL = 0;
				GCC_PREPROCESSOR_DEFINITIONS = (
					"DEBUG=1",
					"$(inherited)",
				);
				GCC_WARN_64_TO_32_BIT_CONVERSION = YES;
				GCC_WARN_ABOUT_RETURN_TYPE = YES_ERROR;
				GCC_WARN_UNDECLARED_SELECTOR = YES;
				GCC_WARN_UNINITIALIZED_AUTOS = YES_AGGRESSIVE;
				GCC_WARN_UNUSED_FUNCTION = YES;
				GCC_WARN_UNUSED_VARIABLE = YES;
				IPHONEOS_DEPLOYMENT_TARGET = 13.0;
				MTL_ENABLE_DEBUG_INFO = YES;
				ONLY_ACTIVE_ARCH = YES;
				SDKROOT = iphoneos;
				SWIFT_ACTIVE_COMPILATION_CONDITIONS = DEBUG;
				SWIFT_OPTIMIZATION_LEVEL = "-Onone";
			};
			name = Debug;
		};
		D00B9A382111427200E8B95A /* Release */ = {
			isa = XCBuildConfiguration;
			buildSettings = {
				ALWAYS_SEARCH_USER_PATHS = NO;
				CLANG_ANALYZER_NONNULL = YES;
				CLANG_ANALYZER_NUMBER_OBJECT_CONVERSION = YES_AGGRESSIVE;
				CLANG_CXX_LANGUAGE_STANDARD = "gnu++14";
				CLANG_CXX_LIBRARY = "libc++";
				CLANG_ENABLE_MODULES = YES;
				CLANG_ENABLE_OBJC_ARC = YES;
				CLANG_WARN_BLOCK_CAPTURE_AUTORELEASING = YES;
				CLANG_WARN_BOOL_CONVERSION = YES;
				CLANG_WARN_COMMA = YES;
				CLANG_WARN_CONSTANT_CONVERSION = YES;
				CLANG_WARN_DEPRECATED_OBJC_IMPLEMENTATIONS = YES;
				CLANG_WARN_DIRECT_OBJC_ISA_USAGE = YES_ERROR;
				CLANG_WARN_DOCUMENTATION_COMMENTS = YES;
				CLANG_WARN_EMPTY_BODY = YES;
				CLANG_WARN_ENUM_CONVERSION = YES;
				CLANG_WARN_INFINITE_RECURSION = YES;
				CLANG_WARN_INT_CONVERSION = YES;
				CLANG_WARN_NON_LITERAL_NULL_CONVERSION = YES;
				CLANG_WARN_OBJC_IMPLICIT_RETAIN_SELF = YES;
				CLANG_WARN_OBJC_LITERAL_CONVERSION = YES;
				CLANG_WARN_OBJC_ROOT_CLASS = YES_ERROR;
				CLANG_WARN_RANGE_LOOP_ANALYSIS = YES;
				CLANG_WARN_STRICT_PROTOTYPES = YES;
				CLANG_WARN_SUSPICIOUS_MOVE = YES;
				CLANG_WARN_UNGUARDED_AVAILABILITY = YES_AGGRESSIVE;
				CLANG_WARN_UNREACHABLE_CODE = YES;
				CLANG_WARN__DUPLICATE_METHOD_MATCH = YES;
				CODE_SIGN_IDENTITY = "iPhone Developer";
				COPY_PHASE_STRIP = NO;
				DEBUG_INFORMATION_FORMAT = "dwarf-with-dsym";
				ENABLE_BITCODE = NO;
				ENABLE_NS_ASSERTIONS = NO;
				ENABLE_STRICT_OBJC_MSGSEND = YES;
				GCC_C_LANGUAGE_STANDARD = gnu11;
				GCC_NO_COMMON_BLOCKS = YES;
				GCC_WARN_64_TO_32_BIT_CONVERSION = YES;
				GCC_WARN_ABOUT_RETURN_TYPE = YES_ERROR;
				GCC_WARN_UNDECLARED_SELECTOR = YES;
				GCC_WARN_UNINITIALIZED_AUTOS = YES_AGGRESSIVE;
				GCC_WARN_UNUSED_FUNCTION = YES;
				GCC_WARN_UNUSED_VARIABLE = YES;
				IPHONEOS_DEPLOYMENT_TARGET = 13.0;
				MTL_ENABLE_DEBUG_INFO = NO;
				SDKROOT = iphoneos;
				SWIFT_COMPILATION_MODE = wholemodule;
				SWIFT_OPTIMIZATION_LEVEL = "-O";
				VALIDATE_PRODUCT = YES;
			};
			name = Release;
		};
		D00B9A3A2111427200E8B95A /* Debug */ = {
			isa = XCBuildConfiguration;
			buildSettings = {
				ASSETCATALOG_COMPILER_APPICON_NAME = AppIcon;
				CLANG_ENABLE_MODULES = YES;
				CODE_SIGN_ENTITLEMENTS = BitSense/BitSense.entitlements;
				CODE_SIGN_IDENTITY = "iPhone Developer";
				"CODE_SIGN_IDENTITY[sdk=iphoneos*]" = "Apple Development";
				CODE_SIGN_STYLE = Manual;
				CURRENT_PROJECT_VERSION = 131;
				DEVELOPMENT_TEAM = 69FR345CDA;
				FRAMEWORK_SEARCH_PATHS = (
					"$(inherited)",
					"$(PROJECT_DIR)/Carthage/Build/iOS",
				);
				INFOPLIST_FILE = BitSense/Info.plist;
				INFOPLIST_PREPROCESS = NO;
				IPHONEOS_DEPLOYMENT_TARGET = 13.0;
				LD_RUNPATH_SEARCH_PATHS = (
					"$(inherited)",
					"@executable_path/Frameworks",
				);
				MARKETING_VERSION = 1.210;
				PRODUCT_BUNDLE_IDENTIFIER = com.fontaine.FullyNoded;
				PRODUCT_NAME = "$(TARGET_NAME)";
				PROVISIONING_PROFILE = "";
				PROVISIONING_PROFILE_SPECIFIER = FullyNoded_Debug_Oct2019;
				SUPPORTS_MACCATALYST = NO;
				SWIFT_OBJC_BRIDGING_HEADER = "BitSense/BitSense-Bridging-Header.h";
				SWIFT_OPTIMIZATION_LEVEL = "-Onone";
				SWIFT_VERSION = 5.0;
				TARGETED_DEVICE_FAMILY = "1,2";
				VERSIONING_SYSTEM = "";
			};
			name = Debug;
		};
		D00B9A3B2111427200E8B95A /* Release */ = {
			isa = XCBuildConfiguration;
			buildSettings = {
				ASSETCATALOG_COMPILER_APPICON_NAME = AppIcon;
				CLANG_ENABLE_MODULES = YES;
				CODE_SIGN_ENTITLEMENTS = BitSense/BitSense.entitlements;
				CODE_SIGN_IDENTITY = "iPhone Developer";
				"CODE_SIGN_IDENTITY[sdk=macosx*]" = "Apple Development";
				CODE_SIGN_STYLE = Manual;
				CURRENT_PROJECT_VERSION = 131;
				DEBUG_INFORMATION_FORMAT = "dwarf-with-dsym";
				DEVELOPMENT_TEAM = 69FR345CDA;
				ENABLE_TESTABILITY = NO;
				FRAMEWORK_SEARCH_PATHS = (
					"$(inherited)",
					"$(PROJECT_DIR)/Carthage/Build/iOS",
				);
				INFOPLIST_FILE = BitSense/Info.plist;
				INFOPLIST_PREPROCESS = NO;
				IPHONEOS_DEPLOYMENT_TARGET = 13.0;
				LD_RUNPATH_SEARCH_PATHS = (
					"$(inherited)",
					"@executable_path/Frameworks",
				);
				MARKETING_VERSION = 1.210;
				PRODUCT_BUNDLE_IDENTIFIER = com.fontaine.FullyNoded;
				PRODUCT_NAME = "$(TARGET_NAME)";
				PROVISIONING_PROFILE = "";
				PROVISIONING_PROFILE_SPECIFIER = FullyNoded_Debug_Oct2019;
				SUPPORTS_MACCATALYST = NO;
				SWIFT_OBJC_BRIDGING_HEADER = "BitSense/BitSense-Bridging-Header.h";
				SWIFT_VERSION = 5.0;
				TARGETED_DEVICE_FAMILY = "1,2";
				VERSIONING_SYSTEM = "";
			};
			name = Release;
		};
		D00BD9CF2365664600222A37 /* Debug */ = {
			isa = XCBuildConfiguration;
			buildSettings = {
				BUNDLE_LOADER = "$(TEST_HOST)";
				CLANG_ENABLE_OBJC_WEAK = YES;
				CODE_SIGN_STYLE = Automatic;
				DEVELOPMENT_TEAM = 69FR345CDA;
				INFOPLIST_FILE = BitSenseTests/Info.plist;
				IPHONEOS_DEPLOYMENT_TARGET = 13.1;
				LD_RUNPATH_SEARCH_PATHS = (
					"$(inherited)",
					"@executable_path/Frameworks",
					"@loader_path/Frameworks",
				);
				MTL_ENABLE_DEBUG_INFO = INCLUDE_SOURCE;
				MTL_FAST_MATH = YES;
				PRODUCT_BUNDLE_IDENTIFIER = com.fontaine.BitSenseTests;
				PRODUCT_NAME = "$(TARGET_NAME)";
				SWIFT_VERSION = 5.0;
				TARGETED_DEVICE_FAMILY = "1,2";
				TEST_HOST = "$(BUILT_PRODUCTS_DIR)/BitSense.app/BitSense";
			};
			name = Debug;
		};
		D00BD9D02365664600222A37 /* Release */ = {
			isa = XCBuildConfiguration;
			buildSettings = {
				BUNDLE_LOADER = "$(TEST_HOST)";
				CLANG_ENABLE_OBJC_WEAK = YES;
				CODE_SIGN_STYLE = Automatic;
				DEVELOPMENT_TEAM = 69FR345CDA;
				INFOPLIST_FILE = BitSenseTests/Info.plist;
				IPHONEOS_DEPLOYMENT_TARGET = 13.1;
				LD_RUNPATH_SEARCH_PATHS = (
					"$(inherited)",
					"@executable_path/Frameworks",
					"@loader_path/Frameworks",
				);
				MTL_FAST_MATH = YES;
				PRODUCT_BUNDLE_IDENTIFIER = com.fontaine.BitSenseTests;
				PRODUCT_NAME = "$(TARGET_NAME)";
				SWIFT_VERSION = 5.0;
				TARGETED_DEVICE_FAMILY = "1,2";
				TEST_HOST = "$(BUILT_PRODUCTS_DIR)/BitSense.app/BitSense";
			};
			name = Release;
		};
/* End XCBuildConfiguration section */

/* Begin XCConfigurationList section */
		D00B9A1F2111427200E8B95A /* Build configuration list for PBXProject "BitSense" */ = {
			isa = XCConfigurationList;
			buildConfigurations = (
				D00B9A372111427200E8B95A /* Debug */,
				D00B9A382111427200E8B95A /* Release */,
			);
			defaultConfigurationIsVisible = 0;
			defaultConfigurationName = Release;
		};
		D00B9A392111427200E8B95A /* Build configuration list for PBXNativeTarget "BitSense" */ = {
			isa = XCConfigurationList;
			buildConfigurations = (
				D00B9A3A2111427200E8B95A /* Debug */,
				D00B9A3B2111427200E8B95A /* Release */,
			);
			defaultConfigurationIsVisible = 0;
			defaultConfigurationName = Release;
		};
		D00BD9D12365664600222A37 /* Build configuration list for PBXNativeTarget "BitSenseTests" */ = {
			isa = XCConfigurationList;
			buildConfigurations = (
				D00BD9CF2365664600222A37 /* Debug */,
				D00BD9D02365664600222A37 /* Release */,
			);
			defaultConfigurationIsVisible = 0;
			defaultConfigurationName = Release;
		};
/* End XCConfigurationList section */

/* Begin XCVersionGroup section */
		D00B9A2E2111427200E8B95A /* BitSense.xcdatamodeld */ = {
			isa = XCVersionGroup;
			children = (
				D00B9A2F2111427200E8B95A /* BitSense.xcdatamodel */,
			);
			currentVersion = D00B9A2F2111427200E8B95A /* BitSense.xcdatamodel */;
			path = BitSense.xcdatamodeld;
			sourceTree = "<group>";
			versionGroupType = wrapper.xcdatamodel;
		};
/* End XCVersionGroup section */
	};
	rootObject = D00B9A1C2111427200E8B95A /* Project object */;
}
